
Microsoft Visual Studio Solution File, Format Version 12.00
# Visual Studio Version 17
VisualStudioVersion = 17.0.31903.59
MinimumVisualStudioVersion = 10.0.40219.1
Project("{FAE04EC0-301F-11D3-BF4B-00C04F79EFBC}") = "MassLab.Common.Api", "MassLab.Common.Api\MassLab.Common.Api.csproj", "{170BE77D-B64D-4521-8491-04021FBD423A}"
EndProject
Project("{FAE04EC0-301F-11D3-BF4B-00C04F79EFBC}") = "MassLab.Common.Validation", "MassLab.Common.Validation\MassLab.Common.Validation.csproj", "{94478B94-1AA1-432E-86C5-6617E96C9516}"
EndProject
Project("{FAE04EC0-301F-11D3-BF4B-00C04F79EFBC}") = "MassLab.Common.ApiVersioning", "MassLab.Common.ApiVersioning\MassLab.Common.ApiVersioning.csproj", "{C11858AC-5E9B-46D0-8169-236E18F84FB4}"
EndProject
Project("{FAE04EC0-301F-11D3-BF4B-00C04F79EFBC}") = "MassLab.Common.Authentication", "MassLab.Common.Authentication\MassLab.Common.Authentication.csproj", "{FD576948-6C9C-4A57-9DBF-42F1C7CB3208}"
EndProject
Project("{FAE04EC0-301F-11D3-BF4B-00C04F79EFBC}") = "MassLab.Common.Authorization", "MassLab.Common.Authorization\MassLab.Common.Authorization.csproj", "{6B419AFB-7860-4323-BF02-6F3E18CAB3DB}"
EndProject
Project("{FAE04EC0-301F-11D3-BF4B-00C04F79EFBC}") = "MassLab.Common.BackgroundJobs.Hangfire", "MassLab.Common.BackgroundJobs.Hangfire\MassLab.Common.BackgroundJobs.Hangfire.csproj", "{2AD0A26C-FF14-469D-8015-6C7107703D1A}"
EndProject
Project("{FAE04EC0-301F-11D3-BF4B-00C04F79EFBC}") = "MassLab.Common.BackgroundJobs", "MassLab.Common.BackgroundJobs\MassLab.Common.BackgroundJobs.csproj", "{DCB916D6-2C06-440A-A7D7-DAF3D07742BA}"
EndProject
Project("{FAE04EC0-301F-11D3-BF4B-00C04F79EFBC}") = "MassLab.Common.BackgroundJobs.Hosted", "MassLab.Common.BackgroundJobs.Hosted\MassLab.Common.BackgroundJobs.Hosted.csproj", "{BA037A16-D530-4800-844F-FF74B927FDF4}"
EndProject
Project("{FAE04EC0-301F-11D3-BF4B-00C04F79EFBC}") = "MassLab.Common.BackgroundJobs.Quartz", "MassLab.Common.BackgroundJobs.Quartz\MassLab.Common.BackgroundJobs.Quartz.csproj", "{8E950F5E-B9A9-43D9-8DF1-48349EB6F347}"
EndProject
Project("{FAE04EC0-301F-11D3-BF4B-00C04F79EFBC}") = "MassLab.Common.Caching.Memory", "MassLab.Common.Caching.Memory\MassLab.Common.Caching.Memory.csproj", "{19423654-33D1-4CE9-A826-43D23A809631}"
EndProject
Project("{FAE04EC0-301F-11D3-BF4B-00C04F79EFBC}") = "MassLab.Common.Caching", "MassLab.Common.Caching\MassLab.Common.Caching.csproj", "{A1D128EC-E874-46FB-902B-4D2E05F67750}"
EndProject
Project("{FAE04EC0-301F-11D3-BF4B-00C04F79EFBC}") = "MassLab.Common.Caching.Redis", "MassLab.Common.Caching.Redis\MassLab.Common.Caching.Redis.csproj", "{1CBC09EB-2ADD-499F-A8A2-05D0DE7BEDC6}"
EndProject
Project("{FAE04EC0-301F-11D3-BF4B-00C04F79EFBC}") = "MassLab.Common.Database.Dapper.MySQL", "MassLab.Common.Database.Dapper.MySQL\MassLab.Common.Database.Dapper.MySQL.csproj", "{19A63ECC-92C7-40BC-8006-697AF8F06F40}"
EndProject
Project("{FAE04EC0-301F-11D3-BF4B-00C04F79EFBC}") = "MassLab.Common.Database.Dapper", "MassLab.Common.Database.Dapper\MassLab.Common.Database.Dapper.csproj", "{E4270CD9-AD4E-4E63-8BDC-16554106CB2F}"
EndProject
Project("{FAE04EC0-301F-11D3-BF4B-00C04F79EFBC}") = "MassLab.Common.Database", "MassLab.Common.Database\MassLab.Common.Database.csproj", "{F5EA1B1F-9603-4BB5-AACE-343E81B24B66}"
EndProject
Project("{FAE04EC0-301F-11D3-BF4B-00C04F79EFBC}") = "MassLab.Common.Domain", "MassLab.Common.Domain\MassLab.Common.Domain.csproj", "{160E89F0-458A-4167-9E3C-F85615E39CFB}"
EndProject
Project("{FAE04EC0-301F-11D3-BF4B-00C04F79EFBC}") = "MassLab.Common.Database.Dapper.PostgreSQL", "MassLab.Common.Database.Dapper.PostgreSQL\MassLab.Common.Database.Dapper.PostgreSQL.csproj", "{0C360323-9821-4228-B3BF-6CF8D5632693}"
EndProject
Project("{FAE04EC0-301F-11D3-BF4B-00C04F79EFBC}") = "MassLab.Common.Database.Dapper.SqlServer", "MassLab.Common.Database.Dapper.SqlServer\MassLab.Common.Database.Dapper.SqlServer.csproj", "{B26FD8EB-1D58-46C5-844D-A362443CC3EB}"
EndProject
Project("{FAE04EC0-301F-11D3-BF4B-00C04F79EFBC}") = "MassLab.Common.Database.EFCore.MySQL", "MassLab.Common.Database.EFCore.MySQL\MassLab.Common.Database.EFCore.MySQL.csproj", "{28406644-F6F4-47E2-975A-C198BBBE75EE}"
EndProject
Project("{FAE04EC0-301F-11D3-BF4B-00C04F79EFBC}") = "MassLab.Common.Database.EFCore", "MassLab.Common.Database.EFCore\MassLab.Common.Database.EFCore.csproj", "{BA8860E3-209A-4901-A837-20AC98A433BC}"
EndProject
Project("{FAE04EC0-301F-11D3-BF4B-00C04F79EFBC}") = "MassLab.Common.Database.EFCore.PostgreSQL.Tests", "MassLab.Common.Database.EFCore.PostgreSQL.Tests\MassLab.Common.Database.EFCore.PostgreSQL.Tests.csproj", "{543FCD81-F533-41F2-8578-B0877F5A26D3}"
EndProject
Project("{FAE04EC0-301F-11D3-BF4B-00C04F79EFBC}") = "MassLab.Common.Database.EFCore.PostgreSQL", "MassLab.Common.Database.EFCore.PostgreSQL\MassLab.Common.Database.EFCore.PostgreSQL.csproj", "{DFBF2A37-5E30-4DBA-8565-21022806549D}"
EndProject
Project("{FAE04EC0-301F-11D3-BF4B-00C04F79EFBC}") = "MassLab.Common.Database.EFCore.SqlServer", "MassLab.Common.Database.EFCore.SqlServer\MassLab.Common.Database.EFCore.SqlServer.csproj", "{7FDBC486-5F07-413F-9F4C-D6B234E5C90C}"
EndProject
Project("{FAE04EC0-301F-11D3-BF4B-00C04F79EFBC}") = "MassLab.Common.Grpc", "MassLab.Common.Grpc\MassLab.Common.Grpc.csproj", "{F4A0488F-3ACE-4C58-ACEE-64D5CFE604C3}"
EndProject
Project("{FAE04EC0-301F-11D3-BF4B-00C04F79EFBC}") = "MassLab.Common.HttpClient", "MassLab.Common.HttpClient\MassLab.Common.HttpClient.csproj", "{6FB62604-A00E-4C1C-BCFB-3E33F96448CA}"
EndProject
Project("{FAE04EC0-301F-11D3-BF4B-00C04F79EFBC}") = "MassLab.Common.Idempotency", "MassLab.Common.Idempotency\MassLab.Common.Idempotency.csproj", "{FBB4536B-BD4E-4FD9-9023-2FB22E398420}"
EndProject
Project("{FAE04EC0-301F-11D3-BF4B-00C04F79EFBC}") = "MassLab.Common.Logging.Serilog", "MassLab.Common.Logging.Serilog\MassLab.Common.Logging.Serilog.csproj", "{0AD09F02-4C13-4A91-A1FB-D8D01D05A6BF}"
EndProject
Project("{FAE04EC0-301F-11D3-BF4B-00C04F79EFBC}") = "MassLab.Common.Logging", "MassLab.Common.Logging\MassLab.Common.Logging.csproj", "{CFC56AF0-756A-4FCE-851A-AB0951F97543}"
EndProject
Project("{FAE04EC0-301F-11D3-BF4B-00C04F79EFBC}") = "MassLab.Common.Messaging.InMemory", "MassLab.Common.Messaging.InMemory\MassLab.Common.Messaging.InMemory.csproj", "{A546FC9E-8730-4058-9ED9-BB2FA9DEFFBE}"
EndProject
Project("{FAE04EC0-301F-11D3-BF4B-00C04F79EFBC}") = "MassLab.Common.Messaging", "MassLab.Common.Messaging\MassLab.Common.Messaging.csproj", "{2C880493-012E-487F-ABE0-F7A971A2F8BF}"
EndProject
Project("{FAE04EC0-301F-11D3-BF4B-00C04F79EFBC}") = "MassLab.Common.Messaging.Kafka", "MassLab.Common.Messaging.Kafka\MassLab.Common.Messaging.Kafka.csproj", "{C04CE75C-E15E-4F51-9AA7-6CB99F49840E}"
EndProject
Project("{FAE04EC0-301F-11D3-BF4B-00C04F79EFBC}") = "MassLab.Common.Messaging.RabbitMQ", "MassLab.Common.Messaging.RabbitMQ\MassLab.Common.Messaging.RabbitMQ.csproj", "{8AC20833-363F-4A81-8C42-923E002EA525}"
EndProject
Project("{FAE04EC0-301F-11D3-BF4B-00C04F79EFBC}") = "MassLab.Common.Multitenancy", "MassLab.Common.Multitenancy\MassLab.Common.Multitenancy.csproj", "{D867E194-C5D5-41EF-93DD-96360400CFEF}"
EndProject
Project("{FAE04EC0-301F-11D3-BF4B-00C04F79EFBC}") = "MassLab.Common.Observability", "MassLab.Common.Observability\MassLab.Common.Observability.csproj", "{9A5B94A0-B0FD-4C9E-AEC9-0B4FA44F76EA}"
EndProject
Project("{FAE04EC0-301F-11D3-BF4B-00C04F79EFBC}") = "MassLab.Common.Outbox", "MassLab.Common.Outbox\MassLab.Common.Outbox.csproj", "{CBF0009A-DD25-4A5F-9CC8-728ACBE9AEC2}"
EndProject
Project("{FAE04EC0-301F-11D3-BF4B-00C04F79EFBC}") = "MassLab.Common.RateLimiting", "MassLab.Common.RateLimiting\MassLab.Common.RateLimiting.csproj", "{3D21687E-EFDD-4B65-9825-81360C6C41A9}"
EndProject
Project("{FAE04EC0-301F-11D3-BF4B-00C04F79EFBC}") = "MassLab.Common.Storage.AzureBlob", "MassLab.Common.Storage.AzureBlob\MassLab.Common.Storage.AzureBlob.csproj", "{217610D8-8338-4908-BAEA-33B65F4AA0AE}"
EndProject
Project("{FAE04EC0-301F-11D3-BF4B-00C04F79EFBC}") = "MassLab.Common.Storage", "MassLab.Common.Storage\MassLab.Common.Storage.csproj", "{D7CEE249-E13B-426E-8633-C5EF4090F3B8}"
EndProject
Project("{FAE04EC0-301F-11D3-BF4B-00C04F79EFBC}") = "MassLab.Common.Storage.FileSystem", "MassLab.Common.Storage.FileSystem\MassLab.Common.Storage.FileSystem.csproj", "{9C4B2E23-8EE0-452D-99F1-B42EE2147D60}"
EndProject
Project("{FAE04EC0-301F-11D3-BF4B-00C04F79EFBC}") = "MassLab.Common.Storage.S3", "MassLab.Common.Storage.S3\MassLab.Common.Storage.S3.csproj", "{149BB234-0242-411F-91FA-091A2372795D}"
EndProject
Project("{FAE04EC0-301F-11D3-BF4B-00C04F79EFBC}") = "MassLab.Common.Swagger", "MassLab.Common.Swagger\MassLab.Common.Swagger.csproj", "{05CCAF09-A7EB-4D78-BCE5-CD946BBCE477}"
EndProject
Project("{2150E333-8FDC-42A3-9474-1A3956D46DE8}") = "tests", "tests", "{0AB3BF05-4346-4AA6-1389-037BE0695223}"
EndProject
Project("{FAE04EC0-301F-11D3-BF4B-00C04F79EFBC}") = "MassLab.Common.Api.Tests", "tests\MassLab.Common.Api.Tests\MassLab.Common.Api.Tests.csproj", "{F753ED9A-3E47-4E24-9FB5-2B3E2A2E348E}"
EndProject
Project("{FAE04EC0-301F-11D3-BF4B-00C04F79EFBC}") = "MassLab.Common.Authentication.Tests", "tests\MassLab.Common.Authentication.Tests\MassLab.Common.Authentication.Tests.csproj", "{F3F7921E-75A4-4ECD-AD36-8FF305D393DC}"
EndProject
Project("{FAE04EC0-301F-11D3-BF4B-00C04F79EFBC}") = "MassLab.Common.Authorization.Tests", "tests\MassLab.Common.Authorization.Tests\MassLab.Common.Authorization.Tests.csproj", "{E2E8732C-3A4D-4EFC-9161-5FB54EE9B354}"
EndProject
Project("{FAE04EC0-301F-11D3-BF4B-00C04F79EFBC}") = "MassLab.Common.BackgroundJobs.Tests", "tests\MassLab.Common.BackgroundJobs.Tests\MassLab.Common.BackgroundJobs.Tests.csproj", "{E34EBEAF-266E-4D98-844F-9BE7F18E5F2E}"
EndProject
Project("{FAE04EC0-301F-11D3-BF4B-00C04F79EFBC}") = "MassLab.Common.Caching.Tests", "tests\MassLab.Common.Caching.Tests\MassLab.Common.Caching.Tests.csproj", "{CDFD4B1E-967F-44C0-AAED-A5A523AA1876}"
EndProject
Project("{FAE04EC0-301F-11D3-BF4B-00C04F79EFBC}") = "MassLab.Common.Database.Tests", "tests\MassLab.Common.Database.Tests\MassLab.Common.Database.Tests.csproj", "{42CF6129-22D9-420D-A0FD-D705B90DD991}"
EndProject
Project("{FAE04EC0-301F-11D3-BF4B-00C04F79EFBC}") = "MassLab.Common.Domain.Tests", "tests\MassLab.Common.Domain.Tests\MassLab.Common.Domain.Tests.csproj", "{DF342B7E-5992-4F79-A709-CD9661FFD074}"
EndProject
Project("{FAE04EC0-301F-11D3-BF4B-00C04F79EFBC}") = "MassLab.Common.Grpc.Tests", "tests\MassLab.Common.Grpc.Tests\MassLab.Common.Grpc.Tests.csproj", "{BCAC1999-8708-4BFE-908C-2C056EA8F1B0}"
EndProject
Project("{FAE04EC0-301F-11D3-BF4B-00C04F79EFBC}") = "MassLab.Common.HttpClient.Tests", "tests\MassLab.Common.HttpClient.Tests\MassLab.Common.HttpClient.Tests.csproj", "{FD6CE1D5-7A14-4D3F-86CC-89076E4D7C90}"
EndProject
Project("{FAE04EC0-301F-11D3-BF4B-00C04F79EFBC}") = "MassLab.Common.Idempotency.Tests", "tests\MassLab.Common.Idempotency.Tests\MassLab.Common.Idempotency.Tests.csproj", "{8F03762A-2424-4F04-A993-A93648F4A999}"
EndProject
Project("{FAE04EC0-301F-11D3-BF4B-00C04F79EFBC}") = "MassLab.Common.Logging.Serilog.Tests", "tests\MassLab.Common.Logging.Serilog.Tests\MassLab.Common.Logging.Serilog.Tests.csproj", "{18E568C5-CB8F-447C-8A44-58EB7D333AFD}"
EndProject
Project("{FAE04EC0-301F-11D3-BF4B-00C04F79EFBC}") = "MassLab.Common.Logging.Tests", "tests\MassLab.Common.Logging.Tests\MassLab.Common.Logging.Tests.csproj", "{3EDA1EB1-94FE-4BBC-866A-C414E8042B07}"
EndProject
Project("{FAE04EC0-301F-11D3-BF4B-00C04F79EFBC}") = "MassLab.Common.Messaging.Tests", "tests\MassLab.Common.Messaging.Tests\MassLab.Common.Messaging.Tests.csproj", "{7DA4A73D-5942-4C19-A233-F869D5357DF8}"
EndProject
Project("{FAE04EC0-301F-11D3-BF4B-00C04F79EFBC}") = "MassLab.Common.Multitenancy.Tests", "tests\MassLab.Common.Multitenancy.Tests\MassLab.Common.Multitenancy.Tests.csproj", "{69CE5E6E-17CD-43CD-8F1D-907389CD391D}"
EndProject
Project("{FAE04EC0-301F-11D3-BF4B-00C04F79EFBC}") = "MassLab.Common.Observability.Tests", "tests\MassLab.Common.Observability.Tests\MassLab.Common.Observability.Tests.csproj", "{B9BBFB6F-ABB3-4D2A-A7EF-1FF7CC0C461C}"
EndProject
Project("{FAE04EC0-301F-11D3-BF4B-00C04F79EFBC}") = "MassLab.Common.Outbox.Tests", "tests\MassLab.Common.Outbox.Tests\MassLab.Common.Outbox.Tests.csproj", "{05DA7700-AFC0-4D01-92BF-DBEA6DFEE979}"
EndProject
Project("{FAE04EC0-301F-11D3-BF4B-00C04F79EFBC}") = "MassLab.Common.RateLimiting.Tests", "tests\MassLab.Common.RateLimiting.Tests\MassLab.Common.RateLimiting.Tests.csproj", "{77182B29-C2D4-4320-9469-8DD4CB8997DE}"
EndProject
Project("{FAE04EC0-301F-11D3-BF4B-00C04F79EFBC}") = "MassLab.Common.Storage.Tests", "tests\MassLab.Common.Storage.Tests\MassLab.Common.Storage.Tests.csproj", "{C1A04C3A-63FD-423A-B810-23AD7A155EB1}"
EndProject
Project("{FAE04EC0-301F-11D3-BF4B-00C04F79EFBC}") = "MassLab.Common.Swagger.Tests", "tests\MassLab.Common.Swagger.Tests\MassLab.Common.Swagger.Tests.csproj", "{6182706F-2609-4199-BB0C-AE55CE043B2D}"
EndProject
Project("{FAE04EC0-301F-11D3-BF4B-00C04F79EFBC}") = "MassLab.Common.Validation.Tests", "tests\MassLab.Common.Validation.Tests\MassLab.Common.Validation.Tests.csproj", "{1A3E7A4C-3194-47E1-ABDF-9F68356114EA}"
EndProject
Project("{FAE04EC0-301F-11D3-BF4B-00C04F79EFBC}") = "MassLab.Common.Email", "MassLab.Common.Email\MassLab.Common.Email.csproj", "{38D1263B-B526-41FD-91BA-4E58797A254D}"
EndProject
Project("{FAE04EC0-301F-11D3-BF4B-00C04F79EFBC}") = "MassLab.Common.Email.Templates.FileSystem", "MassLab.Common.Email.Templates.FileSystem\MassLab.Common.Email.Templates.FileSystem.csproj", "{01B450FE-06BA-4751-AE48-58348A417BC0}"
EndProject
Project("{FAE04EC0-301F-11D3-BF4B-00C04F79EFBC}") = "MassLab.Common.Email.Resend", "MassLab.Common.Email.Resend\MassLab.Common.Email.Resend.csproj", "{A55D4EA1-F501-4242-B77D-EB8288F42D85}"
EndProject
Project("{FAE04EC0-301F-11D3-BF4B-00C04F79EFBC}") = "MassLab.Common.Email.Smtp", "MassLab.Common.Email.Smtp\MassLab.Common.Email.Smtp.csproj", "{20E763B5-474D-4785-A64E-0B139BF105EB}"
EndProject
Project("{FAE04EC0-301F-11D3-BF4B-00C04F79EFBC}") = "MassLab.Common.Email.Tests", "tests\MassLab.Common.Email.Tests\MassLab.Common.Email.Tests.csproj", "{4B899A07-E15F-437F-9FA8-A1D66176D4E1}"
EndProject
Project("{FAE04EC0-301F-11D3-BF4B-00C04F79EFBC}") = "MassLab.Common.Email.Ses", "MassLab.Common.Email.Ses\MassLab.Common.Email.Ses.csproj", "{9D3FCD7B-1307-4718-8C67-87D435A0725C}"
EndProject
Project("{2150E333-8FDC-42A3-9474-1A3956D46DE8}") = "examples", "examples", "{B36A84DF-456D-A817-6EDD-3EC3E7F6E11F}"
EndProject
Project("{FAE04EC0-301F-11D3-BF4B-00C04F79EFBC}") = "MassLab.Common.Email.ConsoleSample", "examples\MassLab.Common.Email.ConsoleSample\MassLab.Common.Email.ConsoleSample.csproj", "{46F72EB5-742F-4F91-9E61-C8FA1E757AA6}"
EndProject
Global
	GlobalSection(SolutionConfigurationPlatforms) = preSolution
		Debug|Any CPU = Debug|Any CPU
		Debug|x64 = Debug|x64
		Debug|x86 = Debug|x86
		Release|Any CPU = Release|Any CPU
		Release|x64 = Release|x64
		Release|x86 = Release|x86
	EndGlobalSection
	GlobalSection(ProjectConfigurationPlatforms) = postSolution
		{170BE77D-B64D-4521-8491-04021FBD423A}.Debug|Any CPU.ActiveCfg = Debug|Any CPU
		{170BE77D-B64D-4521-8491-04021FBD423A}.Debug|Any CPU.Build.0 = Debug|Any CPU
		{170BE77D-B64D-4521-8491-04021FBD423A}.Debug|x64.ActiveCfg = Debug|Any CPU
		{170BE77D-B64D-4521-8491-04021FBD423A}.Debug|x64.Build.0 = Debug|Any CPU
		{170BE77D-B64D-4521-8491-04021FBD423A}.Debug|x86.ActiveCfg = Debug|Any CPU
		{170BE77D-B64D-4521-8491-04021FBD423A}.Debug|x86.Build.0 = Debug|Any CPU
		{170BE77D-B64D-4521-8491-04021FBD423A}.Release|Any CPU.ActiveCfg = Release|Any CPU
		{170BE77D-B64D-4521-8491-04021FBD423A}.Release|Any CPU.Build.0 = Release|Any CPU
		{170BE77D-B64D-4521-8491-04021FBD423A}.Release|x64.ActiveCfg = Release|Any CPU
		{170BE77D-B64D-4521-8491-04021FBD423A}.Release|x64.Build.0 = Release|Any CPU
		{170BE77D-B64D-4521-8491-04021FBD423A}.Release|x86.ActiveCfg = Release|Any CPU
		{170BE77D-B64D-4521-8491-04021FBD423A}.Release|x86.Build.0 = Release|Any CPU
		{94478B94-1AA1-432E-86C5-6617E96C9516}.Debug|Any CPU.ActiveCfg = Debug|Any CPU
		{94478B94-1AA1-432E-86C5-6617E96C9516}.Debug|Any CPU.Build.0 = Debug|Any CPU
		{94478B94-1AA1-432E-86C5-6617E96C9516}.Debug|x64.ActiveCfg = Debug|Any CPU
		{94478B94-1AA1-432E-86C5-6617E96C9516}.Debug|x64.Build.0 = Debug|Any CPU
		{94478B94-1AA1-432E-86C5-6617E96C9516}.Debug|x86.ActiveCfg = Debug|Any CPU
		{94478B94-1AA1-432E-86C5-6617E96C9516}.Debug|x86.Build.0 = Debug|Any CPU
		{94478B94-1AA1-432E-86C5-6617E96C9516}.Release|Any CPU.ActiveCfg = Release|Any CPU
		{94478B94-1AA1-432E-86C5-6617E96C9516}.Release|Any CPU.Build.0 = Release|Any CPU
		{94478B94-1AA1-432E-86C5-6617E96C9516}.Release|x64.ActiveCfg = Release|Any CPU
		{94478B94-1AA1-432E-86C5-6617E96C9516}.Release|x64.Build.0 = Release|Any CPU
		{94478B94-1AA1-432E-86C5-6617E96C9516}.Release|x86.ActiveCfg = Release|Any CPU
		{94478B94-1AA1-432E-86C5-6617E96C9516}.Release|x86.Build.0 = Release|Any CPU
		{C11858AC-5E9B-46D0-8169-236E18F84FB4}.Debug|Any CPU.ActiveCfg = Debug|Any CPU
		{C11858AC-5E9B-46D0-8169-236E18F84FB4}.Debug|Any CPU.Build.0 = Debug|Any CPU
		{C11858AC-5E9B-46D0-8169-236E18F84FB4}.Debug|x64.ActiveCfg = Debug|Any CPU
		{C11858AC-5E9B-46D0-8169-236E18F84FB4}.Debug|x64.Build.0 = Debug|Any CPU
		{C11858AC-5E9B-46D0-8169-236E18F84FB4}.Debug|x86.ActiveCfg = Debug|Any CPU
		{C11858AC-5E9B-46D0-8169-236E18F84FB4}.Debug|x86.Build.0 = Debug|Any CPU
		{C11858AC-5E9B-46D0-8169-236E18F84FB4}.Release|Any CPU.ActiveCfg = Release|Any CPU
		{C11858AC-5E9B-46D0-8169-236E18F84FB4}.Release|Any CPU.Build.0 = Release|Any CPU
		{C11858AC-5E9B-46D0-8169-236E18F84FB4}.Release|x64.ActiveCfg = Release|Any CPU
		{C11858AC-5E9B-46D0-8169-236E18F84FB4}.Release|x64.Build.0 = Release|Any CPU
		{C11858AC-5E9B-46D0-8169-236E18F84FB4}.Release|x86.ActiveCfg = Release|Any CPU
		{C11858AC-5E9B-46D0-8169-236E18F84FB4}.Release|x86.Build.0 = Release|Any CPU
		{FD576948-6C9C-4A57-9DBF-42F1C7CB3208}.Debug|Any CPU.ActiveCfg = Debug|Any CPU
		{FD576948-6C9C-4A57-9DBF-42F1C7CB3208}.Debug|Any CPU.Build.0 = Debug|Any CPU
		{FD576948-6C9C-4A57-9DBF-42F1C7CB3208}.Debug|x64.ActiveCfg = Debug|Any CPU
		{FD576948-6C9C-4A57-9DBF-42F1C7CB3208}.Debug|x64.Build.0 = Debug|Any CPU
		{FD576948-6C9C-4A57-9DBF-42F1C7CB3208}.Debug|x86.ActiveCfg = Debug|Any CPU
		{FD576948-6C9C-4A57-9DBF-42F1C7CB3208}.Debug|x86.Build.0 = Debug|Any CPU
		{FD576948-6C9C-4A57-9DBF-42F1C7CB3208}.Release|Any CPU.ActiveCfg = Release|Any CPU
		{FD576948-6C9C-4A57-9DBF-42F1C7CB3208}.Release|Any CPU.Build.0 = Release|Any CPU
		{FD576948-6C9C-4A57-9DBF-42F1C7CB3208}.Release|x64.ActiveCfg = Release|Any CPU
		{FD576948-6C9C-4A57-9DBF-42F1C7CB3208}.Release|x64.Build.0 = Release|Any CPU
		{FD576948-6C9C-4A57-9DBF-42F1C7CB3208}.Release|x86.ActiveCfg = Release|Any CPU
		{FD576948-6C9C-4A57-9DBF-42F1C7CB3208}.Release|x86.Build.0 = Release|Any CPU
		{6B419AFB-7860-4323-BF02-6F3E18CAB3DB}.Debug|Any CPU.ActiveCfg = Debug|Any CPU
		{6B419AFB-7860-4323-BF02-6F3E18CAB3DB}.Debug|Any CPU.Build.0 = Debug|Any CPU
		{6B419AFB-7860-4323-BF02-6F3E18CAB3DB}.Debug|x64.ActiveCfg = Debug|Any CPU
		{6B419AFB-7860-4323-BF02-6F3E18CAB3DB}.Debug|x64.Build.0 = Debug|Any CPU
		{6B419AFB-7860-4323-BF02-6F3E18CAB3DB}.Debug|x86.ActiveCfg = Debug|Any CPU
		{6B419AFB-7860-4323-BF02-6F3E18CAB3DB}.Debug|x86.Build.0 = Debug|Any CPU
		{6B419AFB-7860-4323-BF02-6F3E18CAB3DB}.Release|Any CPU.ActiveCfg = Release|Any CPU
		{6B419AFB-7860-4323-BF02-6F3E18CAB3DB}.Release|Any CPU.Build.0 = Release|Any CPU
		{6B419AFB-7860-4323-BF02-6F3E18CAB3DB}.Release|x64.ActiveCfg = Release|Any CPU
		{6B419AFB-7860-4323-BF02-6F3E18CAB3DB}.Release|x64.Build.0 = Release|Any CPU
		{6B419AFB-7860-4323-BF02-6F3E18CAB3DB}.Release|x86.ActiveCfg = Release|Any CPU
		{6B419AFB-7860-4323-BF02-6F3E18CAB3DB}.Release|x86.Build.0 = Release|Any CPU
		{2AD0A26C-FF14-469D-8015-6C7107703D1A}.Debug|Any CPU.ActiveCfg = Debug|Any CPU
		{2AD0A26C-FF14-469D-8015-6C7107703D1A}.Debug|Any CPU.Build.0 = Debug|Any CPU
		{2AD0A26C-FF14-469D-8015-6C7107703D1A}.Debug|x64.ActiveCfg = Debug|Any CPU
		{2AD0A26C-FF14-469D-8015-6C7107703D1A}.Debug|x64.Build.0 = Debug|Any CPU
		{2AD0A26C-FF14-469D-8015-6C7107703D1A}.Debug|x86.ActiveCfg = Debug|Any CPU
		{2AD0A26C-FF14-469D-8015-6C7107703D1A}.Debug|x86.Build.0 = Debug|Any CPU
		{2AD0A26C-FF14-469D-8015-6C7107703D1A}.Release|Any CPU.ActiveCfg = Release|Any CPU
		{2AD0A26C-FF14-469D-8015-6C7107703D1A}.Release|Any CPU.Build.0 = Release|Any CPU
		{2AD0A26C-FF14-469D-8015-6C7107703D1A}.Release|x64.ActiveCfg = Release|Any CPU
		{2AD0A26C-FF14-469D-8015-6C7107703D1A}.Release|x64.Build.0 = Release|Any CPU
		{2AD0A26C-FF14-469D-8015-6C7107703D1A}.Release|x86.ActiveCfg = Release|Any CPU
		{2AD0A26C-FF14-469D-8015-6C7107703D1A}.Release|x86.Build.0 = Release|Any CPU
		{DCB916D6-2C06-440A-A7D7-DAF3D07742BA}.Debug|Any CPU.ActiveCfg = Debug|Any CPU
		{DCB916D6-2C06-440A-A7D7-DAF3D07742BA}.Debug|Any CPU.Build.0 = Debug|Any CPU
		{DCB916D6-2C06-440A-A7D7-DAF3D07742BA}.Debug|x64.ActiveCfg = Debug|Any CPU
		{DCB916D6-2C06-440A-A7D7-DAF3D07742BA}.Debug|x64.Build.0 = Debug|Any CPU
		{DCB916D6-2C06-440A-A7D7-DAF3D07742BA}.Debug|x86.ActiveCfg = Debug|Any CPU
		{DCB916D6-2C06-440A-A7D7-DAF3D07742BA}.Debug|x86.Build.0 = Debug|Any CPU
		{DCB916D6-2C06-440A-A7D7-DAF3D07742BA}.Release|Any CPU.ActiveCfg = Release|Any CPU
		{DCB916D6-2C06-440A-A7D7-DAF3D07742BA}.Release|Any CPU.Build.0 = Release|Any CPU
		{DCB916D6-2C06-440A-A7D7-DAF3D07742BA}.Release|x64.ActiveCfg = Release|Any CPU
		{DCB916D6-2C06-440A-A7D7-DAF3D07742BA}.Release|x64.Build.0 = Release|Any CPU
		{DCB916D6-2C06-440A-A7D7-DAF3D07742BA}.Release|x86.ActiveCfg = Release|Any CPU
		{DCB916D6-2C06-440A-A7D7-DAF3D07742BA}.Release|x86.Build.0 = Release|Any CPU
		{BA037A16-D530-4800-844F-FF74B927FDF4}.Debug|Any CPU.ActiveCfg = Debug|Any CPU
		{BA037A16-D530-4800-844F-FF74B927FDF4}.Debug|Any CPU.Build.0 = Debug|Any CPU
		{BA037A16-D530-4800-844F-FF74B927FDF4}.Debug|x64.ActiveCfg = Debug|Any CPU
		{BA037A16-D530-4800-844F-FF74B927FDF4}.Debug|x64.Build.0 = Debug|Any CPU
		{BA037A16-D530-4800-844F-FF74B927FDF4}.Debug|x86.ActiveCfg = Debug|Any CPU
		{BA037A16-D530-4800-844F-FF74B927FDF4}.Debug|x86.Build.0 = Debug|Any CPU
		{BA037A16-D530-4800-844F-FF74B927FDF4}.Release|Any CPU.ActiveCfg = Release|Any CPU
		{BA037A16-D530-4800-844F-FF74B927FDF4}.Release|Any CPU.Build.0 = Release|Any CPU
		{BA037A16-D530-4800-844F-FF74B927FDF4}.Release|x64.ActiveCfg = Release|Any CPU
		{BA037A16-D530-4800-844F-FF74B927FDF4}.Release|x64.Build.0 = Release|Any CPU
		{BA037A16-D530-4800-844F-FF74B927FDF4}.Release|x86.ActiveCfg = Release|Any CPU
		{BA037A16-D530-4800-844F-FF74B927FDF4}.Release|x86.Build.0 = Release|Any CPU
		{8E950F5E-B9A9-43D9-8DF1-48349EB6F347}.Debug|Any CPU.ActiveCfg = Debug|Any CPU
		{8E950F5E-B9A9-43D9-8DF1-48349EB6F347}.Debug|Any CPU.Build.0 = Debug|Any CPU
		{8E950F5E-B9A9-43D9-8DF1-48349EB6F347}.Debug|x64.ActiveCfg = Debug|Any CPU
		{8E950F5E-B9A9-43D9-8DF1-48349EB6F347}.Debug|x64.Build.0 = Debug|Any CPU
		{8E950F5E-B9A9-43D9-8DF1-48349EB6F347}.Debug|x86.ActiveCfg = Debug|Any CPU
		{8E950F5E-B9A9-43D9-8DF1-48349EB6F347}.Debug|x86.Build.0 = Debug|Any CPU
		{8E950F5E-B9A9-43D9-8DF1-48349EB6F347}.Release|Any CPU.ActiveCfg = Release|Any CPU
		{8E950F5E-B9A9-43D9-8DF1-48349EB6F347}.Release|Any CPU.Build.0 = Release|Any CPU
		{8E950F5E-B9A9-43D9-8DF1-48349EB6F347}.Release|x64.ActiveCfg = Release|Any CPU
		{8E950F5E-B9A9-43D9-8DF1-48349EB6F347}.Release|x64.Build.0 = Release|Any CPU
		{8E950F5E-B9A9-43D9-8DF1-48349EB6F347}.Release|x86.ActiveCfg = Release|Any CPU
		{8E950F5E-B9A9-43D9-8DF1-48349EB6F347}.Release|x86.Build.0 = Release|Any CPU
		{19423654-33D1-4CE9-A826-43D23A809631}.Debug|Any CPU.ActiveCfg = Debug|Any CPU
		{19423654-33D1-4CE9-A826-43D23A809631}.Debug|Any CPU.Build.0 = Debug|Any CPU
		{19423654-33D1-4CE9-A826-43D23A809631}.Debug|x64.ActiveCfg = Debug|Any CPU
		{19423654-33D1-4CE9-A826-43D23A809631}.Debug|x64.Build.0 = Debug|Any CPU
		{19423654-33D1-4CE9-A826-43D23A809631}.Debug|x86.ActiveCfg = Debug|Any CPU
		{19423654-33D1-4CE9-A826-43D23A809631}.Debug|x86.Build.0 = Debug|Any CPU
		{19423654-33D1-4CE9-A826-43D23A809631}.Release|Any CPU.ActiveCfg = Release|Any CPU
		{19423654-33D1-4CE9-A826-43D23A809631}.Release|Any CPU.Build.0 = Release|Any CPU
		{19423654-33D1-4CE9-A826-43D23A809631}.Release|x64.ActiveCfg = Release|Any CPU
		{19423654-33D1-4CE9-A826-43D23A809631}.Release|x64.Build.0 = Release|Any CPU
		{19423654-33D1-4CE9-A826-43D23A809631}.Release|x86.ActiveCfg = Release|Any CPU
		{19423654-33D1-4CE9-A826-43D23A809631}.Release|x86.Build.0 = Release|Any CPU
		{A1D128EC-E874-46FB-902B-4D2E05F67750}.Debug|Any CPU.ActiveCfg = Debug|Any CPU
		{A1D128EC-E874-46FB-902B-4D2E05F67750}.Debug|Any CPU.Build.0 = Debug|Any CPU
		{A1D128EC-E874-46FB-902B-4D2E05F67750}.Debug|x64.ActiveCfg = Debug|Any CPU
		{A1D128EC-E874-46FB-902B-4D2E05F67750}.Debug|x64.Build.0 = Debug|Any CPU
		{A1D128EC-E874-46FB-902B-4D2E05F67750}.Debug|x86.ActiveCfg = Debug|Any CPU
		{A1D128EC-E874-46FB-902B-4D2E05F67750}.Debug|x86.Build.0 = Debug|Any CPU
		{A1D128EC-E874-46FB-902B-4D2E05F67750}.Release|Any CPU.ActiveCfg = Release|Any CPU
		{A1D128EC-E874-46FB-902B-4D2E05F67750}.Release|Any CPU.Build.0 = Release|Any CPU
		{A1D128EC-E874-46FB-902B-4D2E05F67750}.Release|x64.ActiveCfg = Release|Any CPU
		{A1D128EC-E874-46FB-902B-4D2E05F67750}.Release|x64.Build.0 = Release|Any CPU
		{A1D128EC-E874-46FB-902B-4D2E05F67750}.Release|x86.ActiveCfg = Release|Any CPU
		{A1D128EC-E874-46FB-902B-4D2E05F67750}.Release|x86.Build.0 = Release|Any CPU
		{1CBC09EB-2ADD-499F-A8A2-05D0DE7BEDC6}.Debug|Any CPU.ActiveCfg = Debug|Any CPU
		{1CBC09EB-2ADD-499F-A8A2-05D0DE7BEDC6}.Debug|Any CPU.Build.0 = Debug|Any CPU
		{1CBC09EB-2ADD-499F-A8A2-05D0DE7BEDC6}.Debug|x64.ActiveCfg = Debug|Any CPU
		{1CBC09EB-2ADD-499F-A8A2-05D0DE7BEDC6}.Debug|x64.Build.0 = Debug|Any CPU
		{1CBC09EB-2ADD-499F-A8A2-05D0DE7BEDC6}.Debug|x86.ActiveCfg = Debug|Any CPU
		{1CBC09EB-2ADD-499F-A8A2-05D0DE7BEDC6}.Debug|x86.Build.0 = Debug|Any CPU
		{1CBC09EB-2ADD-499F-A8A2-05D0DE7BEDC6}.Release|Any CPU.ActiveCfg = Release|Any CPU
		{1CBC09EB-2ADD-499F-A8A2-05D0DE7BEDC6}.Release|Any CPU.Build.0 = Release|Any CPU
		{1CBC09EB-2ADD-499F-A8A2-05D0DE7BEDC6}.Release|x64.ActiveCfg = Release|Any CPU
		{1CBC09EB-2ADD-499F-A8A2-05D0DE7BEDC6}.Release|x64.Build.0 = Release|Any CPU
		{1CBC09EB-2ADD-499F-A8A2-05D0DE7BEDC6}.Release|x86.ActiveCfg = Release|Any CPU
		{1CBC09EB-2ADD-499F-A8A2-05D0DE7BEDC6}.Release|x86.Build.0 = Release|Any CPU
		{19A63ECC-92C7-40BC-8006-697AF8F06F40}.Debug|Any CPU.ActiveCfg = Debug|Any CPU
		{19A63ECC-92C7-40BC-8006-697AF8F06F40}.Debug|Any CPU.Build.0 = Debug|Any CPU
		{19A63ECC-92C7-40BC-8006-697AF8F06F40}.Debug|x64.ActiveCfg = Debug|Any CPU
		{19A63ECC-92C7-40BC-8006-697AF8F06F40}.Debug|x64.Build.0 = Debug|Any CPU
		{19A63ECC-92C7-40BC-8006-697AF8F06F40}.Debug|x86.ActiveCfg = Debug|Any CPU
		{19A63ECC-92C7-40BC-8006-697AF8F06F40}.Debug|x86.Build.0 = Debug|Any CPU
		{19A63ECC-92C7-40BC-8006-697AF8F06F40}.Release|Any CPU.ActiveCfg = Release|Any CPU
		{19A63ECC-92C7-40BC-8006-697AF8F06F40}.Release|Any CPU.Build.0 = Release|Any CPU
		{19A63ECC-92C7-40BC-8006-697AF8F06F40}.Release|x64.ActiveCfg = Release|Any CPU
		{19A63ECC-92C7-40BC-8006-697AF8F06F40}.Release|x64.Build.0 = Release|Any CPU
		{19A63ECC-92C7-40BC-8006-697AF8F06F40}.Release|x86.ActiveCfg = Release|Any CPU
		{19A63ECC-92C7-40BC-8006-697AF8F06F40}.Release|x86.Build.0 = Release|Any CPU
		{E4270CD9-AD4E-4E63-8BDC-16554106CB2F}.Debug|Any CPU.ActiveCfg = Debug|Any CPU
		{E4270CD9-AD4E-4E63-8BDC-16554106CB2F}.Debug|Any CPU.Build.0 = Debug|Any CPU
		{E4270CD9-AD4E-4E63-8BDC-16554106CB2F}.Debug|x64.ActiveCfg = Debug|Any CPU
		{E4270CD9-AD4E-4E63-8BDC-16554106CB2F}.Debug|x64.Build.0 = Debug|Any CPU
		{E4270CD9-AD4E-4E63-8BDC-16554106CB2F}.Debug|x86.ActiveCfg = Debug|Any CPU
		{E4270CD9-AD4E-4E63-8BDC-16554106CB2F}.Debug|x86.Build.0 = Debug|Any CPU
		{E4270CD9-AD4E-4E63-8BDC-16554106CB2F}.Release|Any CPU.ActiveCfg = Release|Any CPU
		{E4270CD9-AD4E-4E63-8BDC-16554106CB2F}.Release|Any CPU.Build.0 = Release|Any CPU
		{E4270CD9-AD4E-4E63-8BDC-16554106CB2F}.Release|x64.ActiveCfg = Release|Any CPU
		{E4270CD9-AD4E-4E63-8BDC-16554106CB2F}.Release|x64.Build.0 = Release|Any CPU
		{E4270CD9-AD4E-4E63-8BDC-16554106CB2F}.Release|x86.ActiveCfg = Release|Any CPU
		{E4270CD9-AD4E-4E63-8BDC-16554106CB2F}.Release|x86.Build.0 = Release|Any CPU
		{F5EA1B1F-9603-4BB5-AACE-343E81B24B66}.Debug|Any CPU.ActiveCfg = Debug|Any CPU
		{F5EA1B1F-9603-4BB5-AACE-343E81B24B66}.Debug|Any CPU.Build.0 = Debug|Any CPU
		{F5EA1B1F-9603-4BB5-AACE-343E81B24B66}.Debug|x64.ActiveCfg = Debug|Any CPU
		{F5EA1B1F-9603-4BB5-AACE-343E81B24B66}.Debug|x64.Build.0 = Debug|Any CPU
		{F5EA1B1F-9603-4BB5-AACE-343E81B24B66}.Debug|x86.ActiveCfg = Debug|Any CPU
		{F5EA1B1F-9603-4BB5-AACE-343E81B24B66}.Debug|x86.Build.0 = Debug|Any CPU
		{F5EA1B1F-9603-4BB5-AACE-343E81B24B66}.Release|Any CPU.ActiveCfg = Release|Any CPU
		{F5EA1B1F-9603-4BB5-AACE-343E81B24B66}.Release|Any CPU.Build.0 = Release|Any CPU
		{F5EA1B1F-9603-4BB5-AACE-343E81B24B66}.Release|x64.ActiveCfg = Release|Any CPU
		{F5EA1B1F-9603-4BB5-AACE-343E81B24B66}.Release|x64.Build.0 = Release|Any CPU
		{F5EA1B1F-9603-4BB5-AACE-343E81B24B66}.Release|x86.ActiveCfg = Release|Any CPU
		{F5EA1B1F-9603-4BB5-AACE-343E81B24B66}.Release|x86.Build.0 = Release|Any CPU
		{160E89F0-458A-4167-9E3C-F85615E39CFB}.Debug|Any CPU.ActiveCfg = Debug|Any CPU
		{160E89F0-458A-4167-9E3C-F85615E39CFB}.Debug|Any CPU.Build.0 = Debug|Any CPU
		{160E89F0-458A-4167-9E3C-F85615E39CFB}.Debug|x64.ActiveCfg = Debug|Any CPU
		{160E89F0-458A-4167-9E3C-F85615E39CFB}.Debug|x64.Build.0 = Debug|Any CPU
		{160E89F0-458A-4167-9E3C-F85615E39CFB}.Debug|x86.ActiveCfg = Debug|Any CPU
		{160E89F0-458A-4167-9E3C-F85615E39CFB}.Debug|x86.Build.0 = Debug|Any CPU
		{160E89F0-458A-4167-9E3C-F85615E39CFB}.Release|Any CPU.ActiveCfg = Release|Any CPU
		{160E89F0-458A-4167-9E3C-F85615E39CFB}.Release|Any CPU.Build.0 = Release|Any CPU
		{160E89F0-458A-4167-9E3C-F85615E39CFB}.Release|x64.ActiveCfg = Release|Any CPU
		{160E89F0-458A-4167-9E3C-F85615E39CFB}.Release|x64.Build.0 = Release|Any CPU
		{160E89F0-458A-4167-9E3C-F85615E39CFB}.Release|x86.ActiveCfg = Release|Any CPU
		{160E89F0-458A-4167-9E3C-F85615E39CFB}.Release|x86.Build.0 = Release|Any CPU
		{0C360323-9821-4228-B3BF-6CF8D5632693}.Debug|Any CPU.ActiveCfg = Debug|Any CPU
		{0C360323-9821-4228-B3BF-6CF8D5632693}.Debug|Any CPU.Build.0 = Debug|Any CPU
		{0C360323-9821-4228-B3BF-6CF8D5632693}.Debug|x64.ActiveCfg = Debug|Any CPU
		{0C360323-9821-4228-B3BF-6CF8D5632693}.Debug|x64.Build.0 = Debug|Any CPU
		{0C360323-9821-4228-B3BF-6CF8D5632693}.Debug|x86.ActiveCfg = Debug|Any CPU
		{0C360323-9821-4228-B3BF-6CF8D5632693}.Debug|x86.Build.0 = Debug|Any CPU
		{0C360323-9821-4228-B3BF-6CF8D5632693}.Release|Any CPU.ActiveCfg = Release|Any CPU
		{0C360323-9821-4228-B3BF-6CF8D5632693}.Release|Any CPU.Build.0 = Release|Any CPU
		{0C360323-9821-4228-B3BF-6CF8D5632693}.Release|x64.ActiveCfg = Release|Any CPU
		{0C360323-9821-4228-B3BF-6CF8D5632693}.Release|x64.Build.0 = Release|Any CPU
		{0C360323-9821-4228-B3BF-6CF8D5632693}.Release|x86.ActiveCfg = Release|Any CPU
		{0C360323-9821-4228-B3BF-6CF8D5632693}.Release|x86.Build.0 = Release|Any CPU
		{B26FD8EB-1D58-46C5-844D-A362443CC3EB}.Debug|Any CPU.ActiveCfg = Debug|Any CPU
		{B26FD8EB-1D58-46C5-844D-A362443CC3EB}.Debug|Any CPU.Build.0 = Debug|Any CPU
		{B26FD8EB-1D58-46C5-844D-A362443CC3EB}.Debug|x64.ActiveCfg = Debug|Any CPU
		{B26FD8EB-1D58-46C5-844D-A362443CC3EB}.Debug|x64.Build.0 = Debug|Any CPU
		{B26FD8EB-1D58-46C5-844D-A362443CC3EB}.Debug|x86.ActiveCfg = Debug|Any CPU
		{B26FD8EB-1D58-46C5-844D-A362443CC3EB}.Debug|x86.Build.0 = Debug|Any CPU
		{B26FD8EB-1D58-46C5-844D-A362443CC3EB}.Release|Any CPU.ActiveCfg = Release|Any CPU
		{B26FD8EB-1D58-46C5-844D-A362443CC3EB}.Release|Any CPU.Build.0 = Release|Any CPU
		{B26FD8EB-1D58-46C5-844D-A362443CC3EB}.Release|x64.ActiveCfg = Release|Any CPU
		{B26FD8EB-1D58-46C5-844D-A362443CC3EB}.Release|x64.Build.0 = Release|Any CPU
		{B26FD8EB-1D58-46C5-844D-A362443CC3EB}.Release|x86.ActiveCfg = Release|Any CPU
		{B26FD8EB-1D58-46C5-844D-A362443CC3EB}.Release|x86.Build.0 = Release|Any CPU
		{28406644-F6F4-47E2-975A-C198BBBE75EE}.Debug|Any CPU.ActiveCfg = Debug|Any CPU
		{28406644-F6F4-47E2-975A-C198BBBE75EE}.Debug|Any CPU.Build.0 = Debug|Any CPU
		{28406644-F6F4-47E2-975A-C198BBBE75EE}.Debug|x64.ActiveCfg = Debug|Any CPU
		{28406644-F6F4-47E2-975A-C198BBBE75EE}.Debug|x64.Build.0 = Debug|Any CPU
		{28406644-F6F4-47E2-975A-C198BBBE75EE}.Debug|x86.ActiveCfg = Debug|Any CPU
		{28406644-F6F4-47E2-975A-C198BBBE75EE}.Debug|x86.Build.0 = Debug|Any CPU
		{28406644-F6F4-47E2-975A-C198BBBE75EE}.Release|Any CPU.ActiveCfg = Release|Any CPU
		{28406644-F6F4-47E2-975A-C198BBBE75EE}.Release|Any CPU.Build.0 = Release|Any CPU
		{28406644-F6F4-47E2-975A-C198BBBE75EE}.Release|x64.ActiveCfg = Release|Any CPU
		{28406644-F6F4-47E2-975A-C198BBBE75EE}.Release|x64.Build.0 = Release|Any CPU
		{28406644-F6F4-47E2-975A-C198BBBE75EE}.Release|x86.ActiveCfg = Release|Any CPU
		{28406644-F6F4-47E2-975A-C198BBBE75EE}.Release|x86.Build.0 = Release|Any CPU
		{BA8860E3-209A-4901-A837-20AC98A433BC}.Debug|Any CPU.ActiveCfg = Debug|Any CPU
		{BA8860E3-209A-4901-A837-20AC98A433BC}.Debug|Any CPU.Build.0 = Debug|Any CPU
		{BA8860E3-209A-4901-A837-20AC98A433BC}.Debug|x64.ActiveCfg = Debug|Any CPU
		{BA8860E3-209A-4901-A837-20AC98A433BC}.Debug|x64.Build.0 = Debug|Any CPU
		{BA8860E3-209A-4901-A837-20AC98A433BC}.Debug|x86.ActiveCfg = Debug|Any CPU
		{BA8860E3-209A-4901-A837-20AC98A433BC}.Debug|x86.Build.0 = Debug|Any CPU
		{BA8860E3-209A-4901-A837-20AC98A433BC}.Release|Any CPU.ActiveCfg = Release|Any CPU
		{BA8860E3-209A-4901-A837-20AC98A433BC}.Release|Any CPU.Build.0 = Release|Any CPU
		{BA8860E3-209A-4901-A837-20AC98A433BC}.Release|x64.ActiveCfg = Release|Any CPU
		{BA8860E3-209A-4901-A837-20AC98A433BC}.Release|x64.Build.0 = Release|Any CPU
		{BA8860E3-209A-4901-A837-20AC98A433BC}.Release|x86.ActiveCfg = Release|Any CPU
		{BA8860E3-209A-4901-A837-20AC98A433BC}.Release|x86.Build.0 = Release|Any CPU
		{543FCD81-F533-41F2-8578-B0877F5A26D3}.Debug|Any CPU.ActiveCfg = Debug|Any CPU
		{543FCD81-F533-41F2-8578-B0877F5A26D3}.Debug|Any CPU.Build.0 = Debug|Any CPU
		{543FCD81-F533-41F2-8578-B0877F5A26D3}.Debug|x64.ActiveCfg = Debug|Any CPU
		{543FCD81-F533-41F2-8578-B0877F5A26D3}.Debug|x64.Build.0 = Debug|Any CPU
		{543FCD81-F533-41F2-8578-B0877F5A26D3}.Debug|x86.ActiveCfg = Debug|Any CPU
		{543FCD81-F533-41F2-8578-B0877F5A26D3}.Debug|x86.Build.0 = Debug|Any CPU
		{543FCD81-F533-41F2-8578-B0877F5A26D3}.Release|Any CPU.ActiveCfg = Release|Any CPU
		{543FCD81-F533-41F2-8578-B0877F5A26D3}.Release|Any CPU.Build.0 = Release|Any CPU
		{543FCD81-F533-41F2-8578-B0877F5A26D3}.Release|x64.ActiveCfg = Release|Any CPU
		{543FCD81-F533-41F2-8578-B0877F5A26D3}.Release|x64.Build.0 = Release|Any CPU
		{543FCD81-F533-41F2-8578-B0877F5A26D3}.Release|x86.ActiveCfg = Release|Any CPU
		{543FCD81-F533-41F2-8578-B0877F5A26D3}.Release|x86.Build.0 = Release|Any CPU
		{DFBF2A37-5E30-4DBA-8565-21022806549D}.Debug|Any CPU.ActiveCfg = Debug|Any CPU
		{DFBF2A37-5E30-4DBA-8565-21022806549D}.Debug|Any CPU.Build.0 = Debug|Any CPU
		{DFBF2A37-5E30-4DBA-8565-21022806549D}.Debug|x64.ActiveCfg = Debug|Any CPU
		{DFBF2A37-5E30-4DBA-8565-21022806549D}.Debug|x64.Build.0 = Debug|Any CPU
		{DFBF2A37-5E30-4DBA-8565-21022806549D}.Debug|x86.ActiveCfg = Debug|Any CPU
		{DFBF2A37-5E30-4DBA-8565-21022806549D}.Debug|x86.Build.0 = Debug|Any CPU
		{DFBF2A37-5E30-4DBA-8565-21022806549D}.Release|Any CPU.ActiveCfg = Release|Any CPU
		{DFBF2A37-5E30-4DBA-8565-21022806549D}.Release|Any CPU.Build.0 = Release|Any CPU
		{DFBF2A37-5E30-4DBA-8565-21022806549D}.Release|x64.ActiveCfg = Release|Any CPU
		{DFBF2A37-5E30-4DBA-8565-21022806549D}.Release|x64.Build.0 = Release|Any CPU
		{DFBF2A37-5E30-4DBA-8565-21022806549D}.Release|x86.ActiveCfg = Release|Any CPU
		{DFBF2A37-5E30-4DBA-8565-21022806549D}.Release|x86.Build.0 = Release|Any CPU
		{7FDBC486-5F07-413F-9F4C-D6B234E5C90C}.Debug|Any CPU.ActiveCfg = Debug|Any CPU
		{7FDBC486-5F07-413F-9F4C-D6B234E5C90C}.Debug|Any CPU.Build.0 = Debug|Any CPU
		{7FDBC486-5F07-413F-9F4C-D6B234E5C90C}.Debug|x64.ActiveCfg = Debug|Any CPU
		{7FDBC486-5F07-413F-9F4C-D6B234E5C90C}.Debug|x64.Build.0 = Debug|Any CPU
		{7FDBC486-5F07-413F-9F4C-D6B234E5C90C}.Debug|x86.ActiveCfg = Debug|Any CPU
		{7FDBC486-5F07-413F-9F4C-D6B234E5C90C}.Debug|x86.Build.0 = Debug|Any CPU
		{7FDBC486-5F07-413F-9F4C-D6B234E5C90C}.Release|Any CPU.ActiveCfg = Release|Any CPU
		{7FDBC486-5F07-413F-9F4C-D6B234E5C90C}.Release|Any CPU.Build.0 = Release|Any CPU
		{7FDBC486-5F07-413F-9F4C-D6B234E5C90C}.Release|x64.ActiveCfg = Release|Any CPU
		{7FDBC486-5F07-413F-9F4C-D6B234E5C90C}.Release|x64.Build.0 = Release|Any CPU
		{7FDBC486-5F07-413F-9F4C-D6B234E5C90C}.Release|x86.ActiveCfg = Release|Any CPU
		{7FDBC486-5F07-413F-9F4C-D6B234E5C90C}.Release|x86.Build.0 = Release|Any CPU
		{F4A0488F-3ACE-4C58-ACEE-64D5CFE604C3}.Debug|Any CPU.ActiveCfg = Debug|Any CPU
		{F4A0488F-3ACE-4C58-ACEE-64D5CFE604C3}.Debug|Any CPU.Build.0 = Debug|Any CPU
		{F4A0488F-3ACE-4C58-ACEE-64D5CFE604C3}.Debug|x64.ActiveCfg = Debug|Any CPU
		{F4A0488F-3ACE-4C58-ACEE-64D5CFE604C3}.Debug|x64.Build.0 = Debug|Any CPU
		{F4A0488F-3ACE-4C58-ACEE-64D5CFE604C3}.Debug|x86.ActiveCfg = Debug|Any CPU
		{F4A0488F-3ACE-4C58-ACEE-64D5CFE604C3}.Debug|x86.Build.0 = Debug|Any CPU
		{F4A0488F-3ACE-4C58-ACEE-64D5CFE604C3}.Release|Any CPU.ActiveCfg = Release|Any CPU
		{F4A0488F-3ACE-4C58-ACEE-64D5CFE604C3}.Release|Any CPU.Build.0 = Release|Any CPU
		{F4A0488F-3ACE-4C58-ACEE-64D5CFE604C3}.Release|x64.ActiveCfg = Release|Any CPU
		{F4A0488F-3ACE-4C58-ACEE-64D5CFE604C3}.Release|x64.Build.0 = Release|Any CPU
		{F4A0488F-3ACE-4C58-ACEE-64D5CFE604C3}.Release|x86.ActiveCfg = Release|Any CPU
		{F4A0488F-3ACE-4C58-ACEE-64D5CFE604C3}.Release|x86.Build.0 = Release|Any CPU
		{6FB62604-A00E-4C1C-BCFB-3E33F96448CA}.Debug|Any CPU.ActiveCfg = Debug|Any CPU
		{6FB62604-A00E-4C1C-BCFB-3E33F96448CA}.Debug|Any CPU.Build.0 = Debug|Any CPU
		{6FB62604-A00E-4C1C-BCFB-3E33F96448CA}.Debug|x64.ActiveCfg = Debug|Any CPU
		{6FB62604-A00E-4C1C-BCFB-3E33F96448CA}.Debug|x64.Build.0 = Debug|Any CPU
		{6FB62604-A00E-4C1C-BCFB-3E33F96448CA}.Debug|x86.ActiveCfg = Debug|Any CPU
		{6FB62604-A00E-4C1C-BCFB-3E33F96448CA}.Debug|x86.Build.0 = Debug|Any CPU
		{6FB62604-A00E-4C1C-BCFB-3E33F96448CA}.Release|Any CPU.ActiveCfg = Release|Any CPU
		{6FB62604-A00E-4C1C-BCFB-3E33F96448CA}.Release|Any CPU.Build.0 = Release|Any CPU
		{6FB62604-A00E-4C1C-BCFB-3E33F96448CA}.Release|x64.ActiveCfg = Release|Any CPU
		{6FB62604-A00E-4C1C-BCFB-3E33F96448CA}.Release|x64.Build.0 = Release|Any CPU
		{6FB62604-A00E-4C1C-BCFB-3E33F96448CA}.Release|x86.ActiveCfg = Release|Any CPU
		{6FB62604-A00E-4C1C-BCFB-3E33F96448CA}.Release|x86.Build.0 = Release|Any CPU
		{FBB4536B-BD4E-4FD9-9023-2FB22E398420}.Debug|Any CPU.ActiveCfg = Debug|Any CPU
		{FBB4536B-BD4E-4FD9-9023-2FB22E398420}.Debug|Any CPU.Build.0 = Debug|Any CPU
		{FBB4536B-BD4E-4FD9-9023-2FB22E398420}.Debug|x64.ActiveCfg = Debug|Any CPU
		{FBB4536B-BD4E-4FD9-9023-2FB22E398420}.Debug|x64.Build.0 = Debug|Any CPU
		{FBB4536B-BD4E-4FD9-9023-2FB22E398420}.Debug|x86.ActiveCfg = Debug|Any CPU
		{FBB4536B-BD4E-4FD9-9023-2FB22E398420}.Debug|x86.Build.0 = Debug|Any CPU
		{FBB4536B-BD4E-4FD9-9023-2FB22E398420}.Release|Any CPU.ActiveCfg = Release|Any CPU
		{FBB4536B-BD4E-4FD9-9023-2FB22E398420}.Release|Any CPU.Build.0 = Release|Any CPU
		{FBB4536B-BD4E-4FD9-9023-2FB22E398420}.Release|x64.ActiveCfg = Release|Any CPU
		{FBB4536B-BD4E-4FD9-9023-2FB22E398420}.Release|x64.Build.0 = Release|Any CPU
		{FBB4536B-BD4E-4FD9-9023-2FB22E398420}.Release|x86.ActiveCfg = Release|Any CPU
		{FBB4536B-BD4E-4FD9-9023-2FB22E398420}.Release|x86.Build.0 = Release|Any CPU
		{0AD09F02-4C13-4A91-A1FB-D8D01D05A6BF}.Debug|Any CPU.ActiveCfg = Debug|Any CPU
		{0AD09F02-4C13-4A91-A1FB-D8D01D05A6BF}.Debug|Any CPU.Build.0 = Debug|Any CPU
		{0AD09F02-4C13-4A91-A1FB-D8D01D05A6BF}.Debug|x64.ActiveCfg = Debug|Any CPU
		{0AD09F02-4C13-4A91-A1FB-D8D01D05A6BF}.Debug|x64.Build.0 = Debug|Any CPU
		{0AD09F02-4C13-4A91-A1FB-D8D01D05A6BF}.Debug|x86.ActiveCfg = Debug|Any CPU
		{0AD09F02-4C13-4A91-A1FB-D8D01D05A6BF}.Debug|x86.Build.0 = Debug|Any CPU
		{0AD09F02-4C13-4A91-A1FB-D8D01D05A6BF}.Release|Any CPU.ActiveCfg = Release|Any CPU
		{0AD09F02-4C13-4A91-A1FB-D8D01D05A6BF}.Release|Any CPU.Build.0 = Release|Any CPU
		{0AD09F02-4C13-4A91-A1FB-D8D01D05A6BF}.Release|x64.ActiveCfg = Release|Any CPU
		{0AD09F02-4C13-4A91-A1FB-D8D01D05A6BF}.Release|x64.Build.0 = Release|Any CPU
		{0AD09F02-4C13-4A91-A1FB-D8D01D05A6BF}.Release|x86.ActiveCfg = Release|Any CPU
		{0AD09F02-4C13-4A91-A1FB-D8D01D05A6BF}.Release|x86.Build.0 = Release|Any CPU
		{CFC56AF0-756A-4FCE-851A-AB0951F97543}.Debug|Any CPU.ActiveCfg = Debug|Any CPU
		{CFC56AF0-756A-4FCE-851A-AB0951F97543}.Debug|Any CPU.Build.0 = Debug|Any CPU
		{CFC56AF0-756A-4FCE-851A-AB0951F97543}.Debug|x64.ActiveCfg = Debug|Any CPU
		{CFC56AF0-756A-4FCE-851A-AB0951F97543}.Debug|x64.Build.0 = Debug|Any CPU
		{CFC56AF0-756A-4FCE-851A-AB0951F97543}.Debug|x86.ActiveCfg = Debug|Any CPU
		{CFC56AF0-756A-4FCE-851A-AB0951F97543}.Debug|x86.Build.0 = Debug|Any CPU
		{CFC56AF0-756A-4FCE-851A-AB0951F97543}.Release|Any CPU.ActiveCfg = Release|Any CPU
		{CFC56AF0-756A-4FCE-851A-AB0951F97543}.Release|Any CPU.Build.0 = Release|Any CPU
		{CFC56AF0-756A-4FCE-851A-AB0951F97543}.Release|x64.ActiveCfg = Release|Any CPU
		{CFC56AF0-756A-4FCE-851A-AB0951F97543}.Release|x64.Build.0 = Release|Any CPU
		{CFC56AF0-756A-4FCE-851A-AB0951F97543}.Release|x86.ActiveCfg = Release|Any CPU
		{CFC56AF0-756A-4FCE-851A-AB0951F97543}.Release|x86.Build.0 = Release|Any CPU
		{A546FC9E-8730-4058-9ED9-BB2FA9DEFFBE}.Debug|Any CPU.ActiveCfg = Debug|Any CPU
		{A546FC9E-8730-4058-9ED9-BB2FA9DEFFBE}.Debug|Any CPU.Build.0 = Debug|Any CPU
		{A546FC9E-8730-4058-9ED9-BB2FA9DEFFBE}.Debug|x64.ActiveCfg = Debug|Any CPU
		{A546FC9E-8730-4058-9ED9-BB2FA9DEFFBE}.Debug|x64.Build.0 = Debug|Any CPU
		{A546FC9E-8730-4058-9ED9-BB2FA9DEFFBE}.Debug|x86.ActiveCfg = Debug|Any CPU
		{A546FC9E-8730-4058-9ED9-BB2FA9DEFFBE}.Debug|x86.Build.0 = Debug|Any CPU
		{A546FC9E-8730-4058-9ED9-BB2FA9DEFFBE}.Release|Any CPU.ActiveCfg = Release|Any CPU
		{A546FC9E-8730-4058-9ED9-BB2FA9DEFFBE}.Release|Any CPU.Build.0 = Release|Any CPU
		{A546FC9E-8730-4058-9ED9-BB2FA9DEFFBE}.Release|x64.ActiveCfg = Release|Any CPU
		{A546FC9E-8730-4058-9ED9-BB2FA9DEFFBE}.Release|x64.Build.0 = Release|Any CPU
		{A546FC9E-8730-4058-9ED9-BB2FA9DEFFBE}.Release|x86.ActiveCfg = Release|Any CPU
		{A546FC9E-8730-4058-9ED9-BB2FA9DEFFBE}.Release|x86.Build.0 = Release|Any CPU
		{2C880493-012E-487F-ABE0-F7A971A2F8BF}.Debug|Any CPU.ActiveCfg = Debug|Any CPU
		{2C880493-012E-487F-ABE0-F7A971A2F8BF}.Debug|Any CPU.Build.0 = Debug|Any CPU
		{2C880493-012E-487F-ABE0-F7A971A2F8BF}.Debug|x64.ActiveCfg = Debug|Any CPU
		{2C880493-012E-487F-ABE0-F7A971A2F8BF}.Debug|x64.Build.0 = Debug|Any CPU
		{2C880493-012E-487F-ABE0-F7A971A2F8BF}.Debug|x86.ActiveCfg = Debug|Any CPU
		{2C880493-012E-487F-ABE0-F7A971A2F8BF}.Debug|x86.Build.0 = Debug|Any CPU
		{2C880493-012E-487F-ABE0-F7A971A2F8BF}.Release|Any CPU.ActiveCfg = Release|Any CPU
		{2C880493-012E-487F-ABE0-F7A971A2F8BF}.Release|Any CPU.Build.0 = Release|Any CPU
		{2C880493-012E-487F-ABE0-F7A971A2F8BF}.Release|x64.ActiveCfg = Release|Any CPU
		{2C880493-012E-487F-ABE0-F7A971A2F8BF}.Release|x64.Build.0 = Release|Any CPU
		{2C880493-012E-487F-ABE0-F7A971A2F8BF}.Release|x86.ActiveCfg = Release|Any CPU
		{2C880493-012E-487F-ABE0-F7A971A2F8BF}.Release|x86.Build.0 = Release|Any CPU
		{C04CE75C-E15E-4F51-9AA7-6CB99F49840E}.Debug|Any CPU.ActiveCfg = Debug|Any CPU
		{C04CE75C-E15E-4F51-9AA7-6CB99F49840E}.Debug|Any CPU.Build.0 = Debug|Any CPU
		{C04CE75C-E15E-4F51-9AA7-6CB99F49840E}.Debug|x64.ActiveCfg = Debug|Any CPU
		{C04CE75C-E15E-4F51-9AA7-6CB99F49840E}.Debug|x64.Build.0 = Debug|Any CPU
		{C04CE75C-E15E-4F51-9AA7-6CB99F49840E}.Debug|x86.ActiveCfg = Debug|Any CPU
		{C04CE75C-E15E-4F51-9AA7-6CB99F49840E}.Debug|x86.Build.0 = Debug|Any CPU
		{C04CE75C-E15E-4F51-9AA7-6CB99F49840E}.Release|Any CPU.ActiveCfg = Release|Any CPU
		{C04CE75C-E15E-4F51-9AA7-6CB99F49840E}.Release|Any CPU.Build.0 = Release|Any CPU
		{C04CE75C-E15E-4F51-9AA7-6CB99F49840E}.Release|x64.ActiveCfg = Release|Any CPU
		{C04CE75C-E15E-4F51-9AA7-6CB99F49840E}.Release|x64.Build.0 = Release|Any CPU
		{C04CE75C-E15E-4F51-9AA7-6CB99F49840E}.Release|x86.ActiveCfg = Release|Any CPU
		{C04CE75C-E15E-4F51-9AA7-6CB99F49840E}.Release|x86.Build.0 = Release|Any CPU
		{8AC20833-363F-4A81-8C42-923E002EA525}.Debug|Any CPU.ActiveCfg = Debug|Any CPU
		{8AC20833-363F-4A81-8C42-923E002EA525}.Debug|Any CPU.Build.0 = Debug|Any CPU
		{8AC20833-363F-4A81-8C42-923E002EA525}.Debug|x64.ActiveCfg = Debug|Any CPU
		{8AC20833-363F-4A81-8C42-923E002EA525}.Debug|x64.Build.0 = Debug|Any CPU
		{8AC20833-363F-4A81-8C42-923E002EA525}.Debug|x86.ActiveCfg = Debug|Any CPU
		{8AC20833-363F-4A81-8C42-923E002EA525}.Debug|x86.Build.0 = Debug|Any CPU
		{8AC20833-363F-4A81-8C42-923E002EA525}.Release|Any CPU.ActiveCfg = Release|Any CPU
		{8AC20833-363F-4A81-8C42-923E002EA525}.Release|Any CPU.Build.0 = Release|Any CPU
		{8AC20833-363F-4A81-8C42-923E002EA525}.Release|x64.ActiveCfg = Release|Any CPU
		{8AC20833-363F-4A81-8C42-923E002EA525}.Release|x64.Build.0 = Release|Any CPU
		{8AC20833-363F-4A81-8C42-923E002EA525}.Release|x86.ActiveCfg = Release|Any CPU
		{8AC20833-363F-4A81-8C42-923E002EA525}.Release|x86.Build.0 = Release|Any CPU
		{D867E194-C5D5-41EF-93DD-96360400CFEF}.Debug|Any CPU.ActiveCfg = Debug|Any CPU
		{D867E194-C5D5-41EF-93DD-96360400CFEF}.Debug|Any CPU.Build.0 = Debug|Any CPU
		{D867E194-C5D5-41EF-93DD-96360400CFEF}.Debug|x64.ActiveCfg = Debug|Any CPU
		{D867E194-C5D5-41EF-93DD-96360400CFEF}.Debug|x64.Build.0 = Debug|Any CPU
		{D867E194-C5D5-41EF-93DD-96360400CFEF}.Debug|x86.ActiveCfg = Debug|Any CPU
		{D867E194-C5D5-41EF-93DD-96360400CFEF}.Debug|x86.Build.0 = Debug|Any CPU
		{D867E194-C5D5-41EF-93DD-96360400CFEF}.Release|Any CPU.ActiveCfg = Release|Any CPU
		{D867E194-C5D5-41EF-93DD-96360400CFEF}.Release|Any CPU.Build.0 = Release|Any CPU
		{D867E194-C5D5-41EF-93DD-96360400CFEF}.Release|x64.ActiveCfg = Release|Any CPU
		{D867E194-C5D5-41EF-93DD-96360400CFEF}.Release|x64.Build.0 = Release|Any CPU
		{D867E194-C5D5-41EF-93DD-96360400CFEF}.Release|x86.ActiveCfg = Release|Any CPU
		{D867E194-C5D5-41EF-93DD-96360400CFEF}.Release|x86.Build.0 = Release|Any CPU
		{9A5B94A0-B0FD-4C9E-AEC9-0B4FA44F76EA}.Debug|Any CPU.ActiveCfg = Debug|Any CPU
		{9A5B94A0-B0FD-4C9E-AEC9-0B4FA44F76EA}.Debug|Any CPU.Build.0 = Debug|Any CPU
		{9A5B94A0-B0FD-4C9E-AEC9-0B4FA44F76EA}.Debug|x64.ActiveCfg = Debug|Any CPU
		{9A5B94A0-B0FD-4C9E-AEC9-0B4FA44F76EA}.Debug|x64.Build.0 = Debug|Any CPU
		{9A5B94A0-B0FD-4C9E-AEC9-0B4FA44F76EA}.Debug|x86.ActiveCfg = Debug|Any CPU
		{9A5B94A0-B0FD-4C9E-AEC9-0B4FA44F76EA}.Debug|x86.Build.0 = Debug|Any CPU
		{9A5B94A0-B0FD-4C9E-AEC9-0B4FA44F76EA}.Release|Any CPU.ActiveCfg = Release|Any CPU
		{9A5B94A0-B0FD-4C9E-AEC9-0B4FA44F76EA}.Release|Any CPU.Build.0 = Release|Any CPU
		{9A5B94A0-B0FD-4C9E-AEC9-0B4FA44F76EA}.Release|x64.ActiveCfg = Release|Any CPU
		{9A5B94A0-B0FD-4C9E-AEC9-0B4FA44F76EA}.Release|x64.Build.0 = Release|Any CPU
		{9A5B94A0-B0FD-4C9E-AEC9-0B4FA44F76EA}.Release|x86.ActiveCfg = Release|Any CPU
		{9A5B94A0-B0FD-4C9E-AEC9-0B4FA44F76EA}.Release|x86.Build.0 = Release|Any CPU
		{CBF0009A-DD25-4A5F-9CC8-728ACBE9AEC2}.Debug|Any CPU.ActiveCfg = Debug|Any CPU
		{CBF0009A-DD25-4A5F-9CC8-728ACBE9AEC2}.Debug|Any CPU.Build.0 = Debug|Any CPU
		{CBF0009A-DD25-4A5F-9CC8-728ACBE9AEC2}.Debug|x64.ActiveCfg = Debug|Any CPU
		{CBF0009A-DD25-4A5F-9CC8-728ACBE9AEC2}.Debug|x64.Build.0 = Debug|Any CPU
		{CBF0009A-DD25-4A5F-9CC8-728ACBE9AEC2}.Debug|x86.ActiveCfg = Debug|Any CPU
		{CBF0009A-DD25-4A5F-9CC8-728ACBE9AEC2}.Debug|x86.Build.0 = Debug|Any CPU
		{CBF0009A-DD25-4A5F-9CC8-728ACBE9AEC2}.Release|Any CPU.ActiveCfg = Release|Any CPU
		{CBF0009A-DD25-4A5F-9CC8-728ACBE9AEC2}.Release|Any CPU.Build.0 = Release|Any CPU
		{CBF0009A-DD25-4A5F-9CC8-728ACBE9AEC2}.Release|x64.ActiveCfg = Release|Any CPU
		{CBF0009A-DD25-4A5F-9CC8-728ACBE9AEC2}.Release|x64.Build.0 = Release|Any CPU
		{CBF0009A-DD25-4A5F-9CC8-728ACBE9AEC2}.Release|x86.ActiveCfg = Release|Any CPU
		{CBF0009A-DD25-4A5F-9CC8-728ACBE9AEC2}.Release|x86.Build.0 = Release|Any CPU
		{3D21687E-EFDD-4B65-9825-81360C6C41A9}.Debug|Any CPU.ActiveCfg = Debug|Any CPU
		{3D21687E-EFDD-4B65-9825-81360C6C41A9}.Debug|Any CPU.Build.0 = Debug|Any CPU
		{3D21687E-EFDD-4B65-9825-81360C6C41A9}.Debug|x64.ActiveCfg = Debug|Any CPU
		{3D21687E-EFDD-4B65-9825-81360C6C41A9}.Debug|x64.Build.0 = Debug|Any CPU
		{3D21687E-EFDD-4B65-9825-81360C6C41A9}.Debug|x86.ActiveCfg = Debug|Any CPU
		{3D21687E-EFDD-4B65-9825-81360C6C41A9}.Debug|x86.Build.0 = Debug|Any CPU
		{3D21687E-EFDD-4B65-9825-81360C6C41A9}.Release|Any CPU.ActiveCfg = Release|Any CPU
		{3D21687E-EFDD-4B65-9825-81360C6C41A9}.Release|Any CPU.Build.0 = Release|Any CPU
		{3D21687E-EFDD-4B65-9825-81360C6C41A9}.Release|x64.ActiveCfg = Release|Any CPU
		{3D21687E-EFDD-4B65-9825-81360C6C41A9}.Release|x64.Build.0 = Release|Any CPU
		{3D21687E-EFDD-4B65-9825-81360C6C41A9}.Release|x86.ActiveCfg = Release|Any CPU
		{3D21687E-EFDD-4B65-9825-81360C6C41A9}.Release|x86.Build.0 = Release|Any CPU
		{217610D8-8338-4908-BAEA-33B65F4AA0AE}.Debug|Any CPU.ActiveCfg = Debug|Any CPU
		{217610D8-8338-4908-BAEA-33B65F4AA0AE}.Debug|Any CPU.Build.0 = Debug|Any CPU
		{217610D8-8338-4908-BAEA-33B65F4AA0AE}.Debug|x64.ActiveCfg = Debug|Any CPU
		{217610D8-8338-4908-BAEA-33B65F4AA0AE}.Debug|x64.Build.0 = Debug|Any CPU
		{217610D8-8338-4908-BAEA-33B65F4AA0AE}.Debug|x86.ActiveCfg = Debug|Any CPU
		{217610D8-8338-4908-BAEA-33B65F4AA0AE}.Debug|x86.Build.0 = Debug|Any CPU
		{217610D8-8338-4908-BAEA-33B65F4AA0AE}.Release|Any CPU.ActiveCfg = Release|Any CPU
		{217610D8-8338-4908-BAEA-33B65F4AA0AE}.Release|Any CPU.Build.0 = Release|Any CPU
		{217610D8-8338-4908-BAEA-33B65F4AA0AE}.Release|x64.ActiveCfg = Release|Any CPU
		{217610D8-8338-4908-BAEA-33B65F4AA0AE}.Release|x64.Build.0 = Release|Any CPU
		{217610D8-8338-4908-BAEA-33B65F4AA0AE}.Release|x86.ActiveCfg = Release|Any CPU
		{217610D8-8338-4908-BAEA-33B65F4AA0AE}.Release|x86.Build.0 = Release|Any CPU
		{D7CEE249-E13B-426E-8633-C5EF4090F3B8}.Debug|Any CPU.ActiveCfg = Debug|Any CPU
		{D7CEE249-E13B-426E-8633-C5EF4090F3B8}.Debug|Any CPU.Build.0 = Debug|Any CPU
		{D7CEE249-E13B-426E-8633-C5EF4090F3B8}.Debug|x64.ActiveCfg = Debug|Any CPU
		{D7CEE249-E13B-426E-8633-C5EF4090F3B8}.Debug|x64.Build.0 = Debug|Any CPU
		{D7CEE249-E13B-426E-8633-C5EF4090F3B8}.Debug|x86.ActiveCfg = Debug|Any CPU
		{D7CEE249-E13B-426E-8633-C5EF4090F3B8}.Debug|x86.Build.0 = Debug|Any CPU
		{D7CEE249-E13B-426E-8633-C5EF4090F3B8}.Release|Any CPU.ActiveCfg = Release|Any CPU
		{D7CEE249-E13B-426E-8633-C5EF4090F3B8}.Release|Any CPU.Build.0 = Release|Any CPU
		{D7CEE249-E13B-426E-8633-C5EF4090F3B8}.Release|x64.ActiveCfg = Release|Any CPU
		{D7CEE249-E13B-426E-8633-C5EF4090F3B8}.Release|x64.Build.0 = Release|Any CPU
		{D7CEE249-E13B-426E-8633-C5EF4090F3B8}.Release|x86.ActiveCfg = Release|Any CPU
		{D7CEE249-E13B-426E-8633-C5EF4090F3B8}.Release|x86.Build.0 = Release|Any CPU
		{9C4B2E23-8EE0-452D-99F1-B42EE2147D60}.Debug|Any CPU.ActiveCfg = Debug|Any CPU
		{9C4B2E23-8EE0-452D-99F1-B42EE2147D60}.Debug|Any CPU.Build.0 = Debug|Any CPU
		{9C4B2E23-8EE0-452D-99F1-B42EE2147D60}.Debug|x64.ActiveCfg = Debug|Any CPU
		{9C4B2E23-8EE0-452D-99F1-B42EE2147D60}.Debug|x64.Build.0 = Debug|Any CPU
		{9C4B2E23-8EE0-452D-99F1-B42EE2147D60}.Debug|x86.ActiveCfg = Debug|Any CPU
		{9C4B2E23-8EE0-452D-99F1-B42EE2147D60}.Debug|x86.Build.0 = Debug|Any CPU
		{9C4B2E23-8EE0-452D-99F1-B42EE2147D60}.Release|Any CPU.ActiveCfg = Release|Any CPU
		{9C4B2E23-8EE0-452D-99F1-B42EE2147D60}.Release|Any CPU.Build.0 = Release|Any CPU
		{9C4B2E23-8EE0-452D-99F1-B42EE2147D60}.Release|x64.ActiveCfg = Release|Any CPU
		{9C4B2E23-8EE0-452D-99F1-B42EE2147D60}.Release|x64.Build.0 = Release|Any CPU
		{9C4B2E23-8EE0-452D-99F1-B42EE2147D60}.Release|x86.ActiveCfg = Release|Any CPU
		{9C4B2E23-8EE0-452D-99F1-B42EE2147D60}.Release|x86.Build.0 = Release|Any CPU
		{149BB234-0242-411F-91FA-091A2372795D}.Debug|Any CPU.ActiveCfg = Debug|Any CPU
		{149BB234-0242-411F-91FA-091A2372795D}.Debug|Any CPU.Build.0 = Debug|Any CPU
		{149BB234-0242-411F-91FA-091A2372795D}.Debug|x64.ActiveCfg = Debug|Any CPU
		{149BB234-0242-411F-91FA-091A2372795D}.Debug|x64.Build.0 = Debug|Any CPU
		{149BB234-0242-411F-91FA-091A2372795D}.Debug|x86.ActiveCfg = Debug|Any CPU
		{149BB234-0242-411F-91FA-091A2372795D}.Debug|x86.Build.0 = Debug|Any CPU
		{149BB234-0242-411F-91FA-091A2372795D}.Release|Any CPU.ActiveCfg = Release|Any CPU
		{149BB234-0242-411F-91FA-091A2372795D}.Release|Any CPU.Build.0 = Release|Any CPU
		{149BB234-0242-411F-91FA-091A2372795D}.Release|x64.ActiveCfg = Release|Any CPU
		{149BB234-0242-411F-91FA-091A2372795D}.Release|x64.Build.0 = Release|Any CPU
		{149BB234-0242-411F-91FA-091A2372795D}.Release|x86.ActiveCfg = Release|Any CPU
		{149BB234-0242-411F-91FA-091A2372795D}.Release|x86.Build.0 = Release|Any CPU
		{05CCAF09-A7EB-4D78-BCE5-CD946BBCE477}.Debug|Any CPU.ActiveCfg = Debug|Any CPU
		{05CCAF09-A7EB-4D78-BCE5-CD946BBCE477}.Debug|Any CPU.Build.0 = Debug|Any CPU
		{05CCAF09-A7EB-4D78-BCE5-CD946BBCE477}.Debug|x64.ActiveCfg = Debug|Any CPU
		{05CCAF09-A7EB-4D78-BCE5-CD946BBCE477}.Debug|x64.Build.0 = Debug|Any CPU
		{05CCAF09-A7EB-4D78-BCE5-CD946BBCE477}.Debug|x86.ActiveCfg = Debug|Any CPU
		{05CCAF09-A7EB-4D78-BCE5-CD946BBCE477}.Debug|x86.Build.0 = Debug|Any CPU
		{05CCAF09-A7EB-4D78-BCE5-CD946BBCE477}.Release|Any CPU.ActiveCfg = Release|Any CPU
		{05CCAF09-A7EB-4D78-BCE5-CD946BBCE477}.Release|Any CPU.Build.0 = Release|Any CPU
		{05CCAF09-A7EB-4D78-BCE5-CD946BBCE477}.Release|x64.ActiveCfg = Release|Any CPU
		{05CCAF09-A7EB-4D78-BCE5-CD946BBCE477}.Release|x64.Build.0 = Release|Any CPU
		{05CCAF09-A7EB-4D78-BCE5-CD946BBCE477}.Release|x86.ActiveCfg = Release|Any CPU
		{05CCAF09-A7EB-4D78-BCE5-CD946BBCE477}.Release|x86.Build.0 = Release|Any CPU
		{F753ED9A-3E47-4E24-9FB5-2B3E2A2E348E}.Debug|Any CPU.ActiveCfg = Debug|Any CPU
		{F753ED9A-3E47-4E24-9FB5-2B3E2A2E348E}.Debug|Any CPU.Build.0 = Debug|Any CPU
		{F753ED9A-3E47-4E24-9FB5-2B3E2A2E348E}.Debug|x64.ActiveCfg = Debug|Any CPU
		{F753ED9A-3E47-4E24-9FB5-2B3E2A2E348E}.Debug|x64.Build.0 = Debug|Any CPU
		{F753ED9A-3E47-4E24-9FB5-2B3E2A2E348E}.Debug|x86.ActiveCfg = Debug|Any CPU
		{F753ED9A-3E47-4E24-9FB5-2B3E2A2E348E}.Debug|x86.Build.0 = Debug|Any CPU
		{F753ED9A-3E47-4E24-9FB5-2B3E2A2E348E}.Release|Any CPU.ActiveCfg = Release|Any CPU
		{F753ED9A-3E47-4E24-9FB5-2B3E2A2E348E}.Release|Any CPU.Build.0 = Release|Any CPU
		{F753ED9A-3E47-4E24-9FB5-2B3E2A2E348E}.Release|x64.ActiveCfg = Release|Any CPU
		{F753ED9A-3E47-4E24-9FB5-2B3E2A2E348E}.Release|x64.Build.0 = Release|Any CPU
		{F753ED9A-3E47-4E24-9FB5-2B3E2A2E348E}.Release|x86.ActiveCfg = Release|Any CPU
		{F753ED9A-3E47-4E24-9FB5-2B3E2A2E348E}.Release|x86.Build.0 = Release|Any CPU
		{F3F7921E-75A4-4ECD-AD36-8FF305D393DC}.Debug|Any CPU.ActiveCfg = Debug|Any CPU
		{F3F7921E-75A4-4ECD-AD36-8FF305D393DC}.Debug|Any CPU.Build.0 = Debug|Any CPU
		{F3F7921E-75A4-4ECD-AD36-8FF305D393DC}.Debug|x64.ActiveCfg = Debug|Any CPU
		{F3F7921E-75A4-4ECD-AD36-8FF305D393DC}.Debug|x64.Build.0 = Debug|Any CPU
		{F3F7921E-75A4-4ECD-AD36-8FF305D393DC}.Debug|x86.ActiveCfg = Debug|Any CPU
		{F3F7921E-75A4-4ECD-AD36-8FF305D393DC}.Debug|x86.Build.0 = Debug|Any CPU
		{F3F7921E-75A4-4ECD-AD36-8FF305D393DC}.Release|Any CPU.ActiveCfg = Release|Any CPU
		{F3F7921E-75A4-4ECD-AD36-8FF305D393DC}.Release|Any CPU.Build.0 = Release|Any CPU
		{F3F7921E-75A4-4ECD-AD36-8FF305D393DC}.Release|x64.ActiveCfg = Release|Any CPU
		{F3F7921E-75A4-4ECD-AD36-8FF305D393DC}.Release|x64.Build.0 = Release|Any CPU
		{F3F7921E-75A4-4ECD-AD36-8FF305D393DC}.Release|x86.ActiveCfg = Release|Any CPU
		{F3F7921E-75A4-4ECD-AD36-8FF305D393DC}.Release|x86.Build.0 = Release|Any CPU
		{E2E8732C-3A4D-4EFC-9161-5FB54EE9B354}.Debug|Any CPU.ActiveCfg = Debug|Any CPU
		{E2E8732C-3A4D-4EFC-9161-5FB54EE9B354}.Debug|Any CPU.Build.0 = Debug|Any CPU
		{E2E8732C-3A4D-4EFC-9161-5FB54EE9B354}.Debug|x64.ActiveCfg = Debug|Any CPU
		{E2E8732C-3A4D-4EFC-9161-5FB54EE9B354}.Debug|x64.Build.0 = Debug|Any CPU
		{E2E8732C-3A4D-4EFC-9161-5FB54EE9B354}.Debug|x86.ActiveCfg = Debug|Any CPU
		{E2E8732C-3A4D-4EFC-9161-5FB54EE9B354}.Debug|x86.Build.0 = Debug|Any CPU
		{E2E8732C-3A4D-4EFC-9161-5FB54EE9B354}.Release|Any CPU.ActiveCfg = Release|Any CPU
		{E2E8732C-3A4D-4EFC-9161-5FB54EE9B354}.Release|Any CPU.Build.0 = Release|Any CPU
		{E2E8732C-3A4D-4EFC-9161-5FB54EE9B354}.Release|x64.ActiveCfg = Release|Any CPU
		{E2E8732C-3A4D-4EFC-9161-5FB54EE9B354}.Release|x64.Build.0 = Release|Any CPU
		{E2E8732C-3A4D-4EFC-9161-5FB54EE9B354}.Release|x86.ActiveCfg = Release|Any CPU
		{E2E8732C-3A4D-4EFC-9161-5FB54EE9B354}.Release|x86.Build.0 = Release|Any CPU
		{E34EBEAF-266E-4D98-844F-9BE7F18E5F2E}.Debug|Any CPU.ActiveCfg = Debug|Any CPU
		{E34EBEAF-266E-4D98-844F-9BE7F18E5F2E}.Debug|Any CPU.Build.0 = Debug|Any CPU
		{E34EBEAF-266E-4D98-844F-9BE7F18E5F2E}.Debug|x64.ActiveCfg = Debug|Any CPU
		{E34EBEAF-266E-4D98-844F-9BE7F18E5F2E}.Debug|x64.Build.0 = Debug|Any CPU
		{E34EBEAF-266E-4D98-844F-9BE7F18E5F2E}.Debug|x86.ActiveCfg = Debug|Any CPU
		{E34EBEAF-266E-4D98-844F-9BE7F18E5F2E}.Debug|x86.Build.0 = Debug|Any CPU
		{E34EBEAF-266E-4D98-844F-9BE7F18E5F2E}.Release|Any CPU.ActiveCfg = Release|Any CPU
		{E34EBEAF-266E-4D98-844F-9BE7F18E5F2E}.Release|Any CPU.Build.0 = Release|Any CPU
		{E34EBEAF-266E-4D98-844F-9BE7F18E5F2E}.Release|x64.ActiveCfg = Release|Any CPU
		{E34EBEAF-266E-4D98-844F-9BE7F18E5F2E}.Release|x64.Build.0 = Release|Any CPU
		{E34EBEAF-266E-4D98-844F-9BE7F18E5F2E}.Release|x86.ActiveCfg = Release|Any CPU
		{E34EBEAF-266E-4D98-844F-9BE7F18E5F2E}.Release|x86.Build.0 = Release|Any CPU
		{CDFD4B1E-967F-44C0-AAED-A5A523AA1876}.Debug|Any CPU.ActiveCfg = Debug|Any CPU
		{CDFD4B1E-967F-44C0-AAED-A5A523AA1876}.Debug|Any CPU.Build.0 = Debug|Any CPU
		{CDFD4B1E-967F-44C0-AAED-A5A523AA1876}.Debug|x64.ActiveCfg = Debug|Any CPU
		{CDFD4B1E-967F-44C0-AAED-A5A523AA1876}.Debug|x64.Build.0 = Debug|Any CPU
		{CDFD4B1E-967F-44C0-AAED-A5A523AA1876}.Debug|x86.ActiveCfg = Debug|Any CPU
		{CDFD4B1E-967F-44C0-AAED-A5A523AA1876}.Debug|x86.Build.0 = Debug|Any CPU
		{CDFD4B1E-967F-44C0-AAED-A5A523AA1876}.Release|Any CPU.ActiveCfg = Release|Any CPU
		{CDFD4B1E-967F-44C0-AAED-A5A523AA1876}.Release|Any CPU.Build.0 = Release|Any CPU
		{CDFD4B1E-967F-44C0-AAED-A5A523AA1876}.Release|x64.ActiveCfg = Release|Any CPU
		{CDFD4B1E-967F-44C0-AAED-A5A523AA1876}.Release|x64.Build.0 = Release|Any CPU
		{CDFD4B1E-967F-44C0-AAED-A5A523AA1876}.Release|x86.ActiveCfg = Release|Any CPU
		{CDFD4B1E-967F-44C0-AAED-A5A523AA1876}.Release|x86.Build.0 = Release|Any CPU
		{42CF6129-22D9-420D-A0FD-D705B90DD991}.Debug|Any CPU.ActiveCfg = Debug|Any CPU
		{42CF6129-22D9-420D-A0FD-D705B90DD991}.Debug|Any CPU.Build.0 = Debug|Any CPU
		{42CF6129-22D9-420D-A0FD-D705B90DD991}.Debug|x64.ActiveCfg = Debug|Any CPU
		{42CF6129-22D9-420D-A0FD-D705B90DD991}.Debug|x64.Build.0 = Debug|Any CPU
		{42CF6129-22D9-420D-A0FD-D705B90DD991}.Debug|x86.ActiveCfg = Debug|Any CPU
		{42CF6129-22D9-420D-A0FD-D705B90DD991}.Debug|x86.Build.0 = Debug|Any CPU
		{42CF6129-22D9-420D-A0FD-D705B90DD991}.Release|Any CPU.ActiveCfg = Release|Any CPU
		{42CF6129-22D9-420D-A0FD-D705B90DD991}.Release|Any CPU.Build.0 = Release|Any CPU
		{42CF6129-22D9-420D-A0FD-D705B90DD991}.Release|x64.ActiveCfg = Release|Any CPU
		{42CF6129-22D9-420D-A0FD-D705B90DD991}.Release|x64.Build.0 = Release|Any CPU
		{42CF6129-22D9-420D-A0FD-D705B90DD991}.Release|x86.ActiveCfg = Release|Any CPU
		{42CF6129-22D9-420D-A0FD-D705B90DD991}.Release|x86.Build.0 = Release|Any CPU
		{DF342B7E-5992-4F79-A709-CD9661FFD074}.Debug|Any CPU.ActiveCfg = Debug|Any CPU
		{DF342B7E-5992-4F79-A709-CD9661FFD074}.Debug|Any CPU.Build.0 = Debug|Any CPU
		{DF342B7E-5992-4F79-A709-CD9661FFD074}.Debug|x64.ActiveCfg = Debug|Any CPU
		{DF342B7E-5992-4F79-A709-CD9661FFD074}.Debug|x64.Build.0 = Debug|Any CPU
		{DF342B7E-5992-4F79-A709-CD9661FFD074}.Debug|x86.ActiveCfg = Debug|Any CPU
		{DF342B7E-5992-4F79-A709-CD9661FFD074}.Debug|x86.Build.0 = Debug|Any CPU
		{DF342B7E-5992-4F79-A709-CD9661FFD074}.Release|Any CPU.ActiveCfg = Release|Any CPU
		{DF342B7E-5992-4F79-A709-CD9661FFD074}.Release|Any CPU.Build.0 = Release|Any CPU
		{DF342B7E-5992-4F79-A709-CD9661FFD074}.Release|x64.ActiveCfg = Release|Any CPU
		{DF342B7E-5992-4F79-A709-CD9661FFD074}.Release|x64.Build.0 = Release|Any CPU
		{DF342B7E-5992-4F79-A709-CD9661FFD074}.Release|x86.ActiveCfg = Release|Any CPU
		{DF342B7E-5992-4F79-A709-CD9661FFD074}.Release|x86.Build.0 = Release|Any CPU
		{BCAC1999-8708-4BFE-908C-2C056EA8F1B0}.Debug|Any CPU.ActiveCfg = Debug|Any CPU
		{BCAC1999-8708-4BFE-908C-2C056EA8F1B0}.Debug|Any CPU.Build.0 = Debug|Any CPU
		{BCAC1999-8708-4BFE-908C-2C056EA8F1B0}.Debug|x64.ActiveCfg = Debug|Any CPU
		{BCAC1999-8708-4BFE-908C-2C056EA8F1B0}.Debug|x64.Build.0 = Debug|Any CPU
		{BCAC1999-8708-4BFE-908C-2C056EA8F1B0}.Debug|x86.ActiveCfg = Debug|Any CPU
		{BCAC1999-8708-4BFE-908C-2C056EA8F1B0}.Debug|x86.Build.0 = Debug|Any CPU
		{BCAC1999-8708-4BFE-908C-2C056EA8F1B0}.Release|Any CPU.ActiveCfg = Release|Any CPU
		{BCAC1999-8708-4BFE-908C-2C056EA8F1B0}.Release|Any CPU.Build.0 = Release|Any CPU
		{BCAC1999-8708-4BFE-908C-2C056EA8F1B0}.Release|x64.ActiveCfg = Release|Any CPU
		{BCAC1999-8708-4BFE-908C-2C056EA8F1B0}.Release|x64.Build.0 = Release|Any CPU
		{BCAC1999-8708-4BFE-908C-2C056EA8F1B0}.Release|x86.ActiveCfg = Release|Any CPU
		{BCAC1999-8708-4BFE-908C-2C056EA8F1B0}.Release|x86.Build.0 = Release|Any CPU
		{FD6CE1D5-7A14-4D3F-86CC-89076E4D7C90}.Debug|Any CPU.ActiveCfg = Debug|Any CPU
		{FD6CE1D5-7A14-4D3F-86CC-89076E4D7C90}.Debug|Any CPU.Build.0 = Debug|Any CPU
		{FD6CE1D5-7A14-4D3F-86CC-89076E4D7C90}.Debug|x64.ActiveCfg = Debug|Any CPU
		{FD6CE1D5-7A14-4D3F-86CC-89076E4D7C90}.Debug|x64.Build.0 = Debug|Any CPU
		{FD6CE1D5-7A14-4D3F-86CC-89076E4D7C90}.Debug|x86.ActiveCfg = Debug|Any CPU
		{FD6CE1D5-7A14-4D3F-86CC-89076E4D7C90}.Debug|x86.Build.0 = Debug|Any CPU
		{FD6CE1D5-7A14-4D3F-86CC-89076E4D7C90}.Release|Any CPU.ActiveCfg = Release|Any CPU
		{FD6CE1D5-7A14-4D3F-86CC-89076E4D7C90}.Release|Any CPU.Build.0 = Release|Any CPU
		{FD6CE1D5-7A14-4D3F-86CC-89076E4D7C90}.Release|x64.ActiveCfg = Release|Any CPU
		{FD6CE1D5-7A14-4D3F-86CC-89076E4D7C90}.Release|x64.Build.0 = Release|Any CPU
		{FD6CE1D5-7A14-4D3F-86CC-89076E4D7C90}.Release|x86.ActiveCfg = Release|Any CPU
		{FD6CE1D5-7A14-4D3F-86CC-89076E4D7C90}.Release|x86.Build.0 = Release|Any CPU
		{8F03762A-2424-4F04-A993-A93648F4A999}.Debug|Any CPU.ActiveCfg = Debug|Any CPU
		{8F03762A-2424-4F04-A993-A93648F4A999}.Debug|Any CPU.Build.0 = Debug|Any CPU
		{8F03762A-2424-4F04-A993-A93648F4A999}.Debug|x64.ActiveCfg = Debug|Any CPU
		{8F03762A-2424-4F04-A993-A93648F4A999}.Debug|x64.Build.0 = Debug|Any CPU
		{8F03762A-2424-4F04-A993-A93648F4A999}.Debug|x86.ActiveCfg = Debug|Any CPU
		{8F03762A-2424-4F04-A993-A93648F4A999}.Debug|x86.Build.0 = Debug|Any CPU
		{8F03762A-2424-4F04-A993-A93648F4A999}.Release|Any CPU.ActiveCfg = Release|Any CPU
		{8F03762A-2424-4F04-A993-A93648F4A999}.Release|Any CPU.Build.0 = Release|Any CPU
		{8F03762A-2424-4F04-A993-A93648F4A999}.Release|x64.ActiveCfg = Release|Any CPU
		{8F03762A-2424-4F04-A993-A93648F4A999}.Release|x64.Build.0 = Release|Any CPU
		{8F03762A-2424-4F04-A993-A93648F4A999}.Release|x86.ActiveCfg = Release|Any CPU
		{8F03762A-2424-4F04-A993-A93648F4A999}.Release|x86.Build.0 = Release|Any CPU
		{18E568C5-CB8F-447C-8A44-58EB7D333AFD}.Debug|Any CPU.ActiveCfg = Debug|Any CPU
		{18E568C5-CB8F-447C-8A44-58EB7D333AFD}.Debug|Any CPU.Build.0 = Debug|Any CPU
		{18E568C5-CB8F-447C-8A44-58EB7D333AFD}.Debug|x64.ActiveCfg = Debug|Any CPU
		{18E568C5-CB8F-447C-8A44-58EB7D333AFD}.Debug|x64.Build.0 = Debug|Any CPU
		{18E568C5-CB8F-447C-8A44-58EB7D333AFD}.Debug|x86.ActiveCfg = Debug|Any CPU
		{18E568C5-CB8F-447C-8A44-58EB7D333AFD}.Debug|x86.Build.0 = Debug|Any CPU
		{18E568C5-CB8F-447C-8A44-58EB7D333AFD}.Release|Any CPU.ActiveCfg = Release|Any CPU
		{18E568C5-CB8F-447C-8A44-58EB7D333AFD}.Release|Any CPU.Build.0 = Release|Any CPU
		{18E568C5-CB8F-447C-8A44-58EB7D333AFD}.Release|x64.ActiveCfg = Release|Any CPU
		{18E568C5-CB8F-447C-8A44-58EB7D333AFD}.Release|x64.Build.0 = Release|Any CPU
		{18E568C5-CB8F-447C-8A44-58EB7D333AFD}.Release|x86.ActiveCfg = Release|Any CPU
		{18E568C5-CB8F-447C-8A44-58EB7D333AFD}.Release|x86.Build.0 = Release|Any CPU
		{3EDA1EB1-94FE-4BBC-866A-C414E8042B07}.Debug|Any CPU.ActiveCfg = Debug|Any CPU
		{3EDA1EB1-94FE-4BBC-866A-C414E8042B07}.Debug|Any CPU.Build.0 = Debug|Any CPU
		{3EDA1EB1-94FE-4BBC-866A-C414E8042B07}.Debug|x64.ActiveCfg = Debug|Any CPU
		{3EDA1EB1-94FE-4BBC-866A-C414E8042B07}.Debug|x64.Build.0 = Debug|Any CPU
		{3EDA1EB1-94FE-4BBC-866A-C414E8042B07}.Debug|x86.ActiveCfg = Debug|Any CPU
		{3EDA1EB1-94FE-4BBC-866A-C414E8042B07}.Debug|x86.Build.0 = Debug|Any CPU
		{3EDA1EB1-94FE-4BBC-866A-C414E8042B07}.Release|Any CPU.ActiveCfg = Release|Any CPU
		{3EDA1EB1-94FE-4BBC-866A-C414E8042B07}.Release|Any CPU.Build.0 = Release|Any CPU
		{3EDA1EB1-94FE-4BBC-866A-C414E8042B07}.Release|x64.ActiveCfg = Release|Any CPU
		{3EDA1EB1-94FE-4BBC-866A-C414E8042B07}.Release|x64.Build.0 = Release|Any CPU
		{3EDA1EB1-94FE-4BBC-866A-C414E8042B07}.Release|x86.ActiveCfg = Release|Any CPU
		{3EDA1EB1-94FE-4BBC-866A-C414E8042B07}.Release|x86.Build.0 = Release|Any CPU
		{7DA4A73D-5942-4C19-A233-F869D5357DF8}.Debug|Any CPU.ActiveCfg = Debug|Any CPU
		{7DA4A73D-5942-4C19-A233-F869D5357DF8}.Debug|Any CPU.Build.0 = Debug|Any CPU
		{7DA4A73D-5942-4C19-A233-F869D5357DF8}.Debug|x64.ActiveCfg = Debug|Any CPU
		{7DA4A73D-5942-4C19-A233-F869D5357DF8}.Debug|x64.Build.0 = Debug|Any CPU
		{7DA4A73D-5942-4C19-A233-F869D5357DF8}.Debug|x86.ActiveCfg = Debug|Any CPU
		{7DA4A73D-5942-4C19-A233-F869D5357DF8}.Debug|x86.Build.0 = Debug|Any CPU
		{7DA4A73D-5942-4C19-A233-F869D5357DF8}.Release|Any CPU.ActiveCfg = Release|Any CPU
		{7DA4A73D-5942-4C19-A233-F869D5357DF8}.Release|Any CPU.Build.0 = Release|Any CPU
		{7DA4A73D-5942-4C19-A233-F869D5357DF8}.Release|x64.ActiveCfg = Release|Any CPU
		{7DA4A73D-5942-4C19-A233-F869D5357DF8}.Release|x64.Build.0 = Release|Any CPU
		{7DA4A73D-5942-4C19-A233-F869D5357DF8}.Release|x86.ActiveCfg = Release|Any CPU
		{7DA4A73D-5942-4C19-A233-F869D5357DF8}.Release|x86.Build.0 = Release|Any CPU
		{69CE5E6E-17CD-43CD-8F1D-907389CD391D}.Debug|Any CPU.ActiveCfg = Debug|Any CPU
		{69CE5E6E-17CD-43CD-8F1D-907389CD391D}.Debug|Any CPU.Build.0 = Debug|Any CPU
		{69CE5E6E-17CD-43CD-8F1D-907389CD391D}.Debug|x64.ActiveCfg = Debug|Any CPU
		{69CE5E6E-17CD-43CD-8F1D-907389CD391D}.Debug|x64.Build.0 = Debug|Any CPU
		{69CE5E6E-17CD-43CD-8F1D-907389CD391D}.Debug|x86.ActiveCfg = Debug|Any CPU
		{69CE5E6E-17CD-43CD-8F1D-907389CD391D}.Debug|x86.Build.0 = Debug|Any CPU
		{69CE5E6E-17CD-43CD-8F1D-907389CD391D}.Release|Any CPU.ActiveCfg = Release|Any CPU
		{69CE5E6E-17CD-43CD-8F1D-907389CD391D}.Release|Any CPU.Build.0 = Release|Any CPU
		{69CE5E6E-17CD-43CD-8F1D-907389CD391D}.Release|x64.ActiveCfg = Release|Any CPU
		{69CE5E6E-17CD-43CD-8F1D-907389CD391D}.Release|x64.Build.0 = Release|Any CPU
		{69CE5E6E-17CD-43CD-8F1D-907389CD391D}.Release|x86.ActiveCfg = Release|Any CPU
		{69CE5E6E-17CD-43CD-8F1D-907389CD391D}.Release|x86.Build.0 = Release|Any CPU
		{B9BBFB6F-ABB3-4D2A-A7EF-1FF7CC0C461C}.Debug|Any CPU.ActiveCfg = Debug|Any CPU
		{B9BBFB6F-ABB3-4D2A-A7EF-1FF7CC0C461C}.Debug|Any CPU.Build.0 = Debug|Any CPU
		{B9BBFB6F-ABB3-4D2A-A7EF-1FF7CC0C461C}.Debug|x64.ActiveCfg = Debug|Any CPU
		{B9BBFB6F-ABB3-4D2A-A7EF-1FF7CC0C461C}.Debug|x64.Build.0 = Debug|Any CPU
		{B9BBFB6F-ABB3-4D2A-A7EF-1FF7CC0C461C}.Debug|x86.ActiveCfg = Debug|Any CPU
		{B9BBFB6F-ABB3-4D2A-A7EF-1FF7CC0C461C}.Debug|x86.Build.0 = Debug|Any CPU
		{B9BBFB6F-ABB3-4D2A-A7EF-1FF7CC0C461C}.Release|Any CPU.ActiveCfg = Release|Any CPU
		{B9BBFB6F-ABB3-4D2A-A7EF-1FF7CC0C461C}.Release|Any CPU.Build.0 = Release|Any CPU
		{B9BBFB6F-ABB3-4D2A-A7EF-1FF7CC0C461C}.Release|x64.ActiveCfg = Release|Any CPU
		{B9BBFB6F-ABB3-4D2A-A7EF-1FF7CC0C461C}.Release|x64.Build.0 = Release|Any CPU
		{B9BBFB6F-ABB3-4D2A-A7EF-1FF7CC0C461C}.Release|x86.ActiveCfg = Release|Any CPU
		{B9BBFB6F-ABB3-4D2A-A7EF-1FF7CC0C461C}.Release|x86.Build.0 = Release|Any CPU
		{05DA7700-AFC0-4D01-92BF-DBEA6DFEE979}.Debug|Any CPU.ActiveCfg = Debug|Any CPU
		{05DA7700-AFC0-4D01-92BF-DBEA6DFEE979}.Debug|Any CPU.Build.0 = Debug|Any CPU
		{05DA7700-AFC0-4D01-92BF-DBEA6DFEE979}.Debug|x64.ActiveCfg = Debug|Any CPU
		{05DA7700-AFC0-4D01-92BF-DBEA6DFEE979}.Debug|x64.Build.0 = Debug|Any CPU
		{05DA7700-AFC0-4D01-92BF-DBEA6DFEE979}.Debug|x86.ActiveCfg = Debug|Any CPU
		{05DA7700-AFC0-4D01-92BF-DBEA6DFEE979}.Debug|x86.Build.0 = Debug|Any CPU
		{05DA7700-AFC0-4D01-92BF-DBEA6DFEE979}.Release|Any CPU.ActiveCfg = Release|Any CPU
		{05DA7700-AFC0-4D01-92BF-DBEA6DFEE979}.Release|Any CPU.Build.0 = Release|Any CPU
		{05DA7700-AFC0-4D01-92BF-DBEA6DFEE979}.Release|x64.ActiveCfg = Release|Any CPU
		{05DA7700-AFC0-4D01-92BF-DBEA6DFEE979}.Release|x64.Build.0 = Release|Any CPU
		{05DA7700-AFC0-4D01-92BF-DBEA6DFEE979}.Release|x86.ActiveCfg = Release|Any CPU
		{05DA7700-AFC0-4D01-92BF-DBEA6DFEE979}.Release|x86.Build.0 = Release|Any CPU
		{77182B29-C2D4-4320-9469-8DD4CB8997DE}.Debug|Any CPU.ActiveCfg = Debug|Any CPU
		{77182B29-C2D4-4320-9469-8DD4CB8997DE}.Debug|Any CPU.Build.0 = Debug|Any CPU
		{77182B29-C2D4-4320-9469-8DD4CB8997DE}.Debug|x64.ActiveCfg = Debug|Any CPU
		{77182B29-C2D4-4320-9469-8DD4CB8997DE}.Debug|x64.Build.0 = Debug|Any CPU
		{77182B29-C2D4-4320-9469-8DD4CB8997DE}.Debug|x86.ActiveCfg = Debug|Any CPU
		{77182B29-C2D4-4320-9469-8DD4CB8997DE}.Debug|x86.Build.0 = Debug|Any CPU
		{77182B29-C2D4-4320-9469-8DD4CB8997DE}.Release|Any CPU.ActiveCfg = Release|Any CPU
		{77182B29-C2D4-4320-9469-8DD4CB8997DE}.Release|Any CPU.Build.0 = Release|Any CPU
		{77182B29-C2D4-4320-9469-8DD4CB8997DE}.Release|x64.ActiveCfg = Release|Any CPU
		{77182B29-C2D4-4320-9469-8DD4CB8997DE}.Release|x64.Build.0 = Release|Any CPU
		{77182B29-C2D4-4320-9469-8DD4CB8997DE}.Release|x86.ActiveCfg = Release|Any CPU
		{77182B29-C2D4-4320-9469-8DD4CB8997DE}.Release|x86.Build.0 = Release|Any CPU
		{C1A04C3A-63FD-423A-B810-23AD7A155EB1}.Debug|Any CPU.ActiveCfg = Debug|Any CPU
		{C1A04C3A-63FD-423A-B810-23AD7A155EB1}.Debug|Any CPU.Build.0 = Debug|Any CPU
		{C1A04C3A-63FD-423A-B810-23AD7A155EB1}.Debug|x64.ActiveCfg = Debug|Any CPU
		{C1A04C3A-63FD-423A-B810-23AD7A155EB1}.Debug|x64.Build.0 = Debug|Any CPU
		{C1A04C3A-63FD-423A-B810-23AD7A155EB1}.Debug|x86.ActiveCfg = Debug|Any CPU
		{C1A04C3A-63FD-423A-B810-23AD7A155EB1}.Debug|x86.Build.0 = Debug|Any CPU
		{C1A04C3A-63FD-423A-B810-23AD7A155EB1}.Release|Any CPU.ActiveCfg = Release|Any CPU
		{C1A04C3A-63FD-423A-B810-23AD7A155EB1}.Release|Any CPU.Build.0 = Release|Any CPU
		{C1A04C3A-63FD-423A-B810-23AD7A155EB1}.Release|x64.ActiveCfg = Release|Any CPU
		{C1A04C3A-63FD-423A-B810-23AD7A155EB1}.Release|x64.Build.0 = Release|Any CPU
		{C1A04C3A-63FD-423A-B810-23AD7A155EB1}.Release|x86.ActiveCfg = Release|Any CPU
		{C1A04C3A-63FD-423A-B810-23AD7A155EB1}.Release|x86.Build.0 = Release|Any CPU
		{6182706F-2609-4199-BB0C-AE55CE043B2D}.Debug|Any CPU.ActiveCfg = Debug|Any CPU
		{6182706F-2609-4199-BB0C-AE55CE043B2D}.Debug|Any CPU.Build.0 = Debug|Any CPU
		{6182706F-2609-4199-BB0C-AE55CE043B2D}.Debug|x64.ActiveCfg = Debug|Any CPU
		{6182706F-2609-4199-BB0C-AE55CE043B2D}.Debug|x64.Build.0 = Debug|Any CPU
		{6182706F-2609-4199-BB0C-AE55CE043B2D}.Debug|x86.ActiveCfg = Debug|Any CPU
		{6182706F-2609-4199-BB0C-AE55CE043B2D}.Debug|x86.Build.0 = Debug|Any CPU
		{6182706F-2609-4199-BB0C-AE55CE043B2D}.Release|Any CPU.ActiveCfg = Release|Any CPU
		{6182706F-2609-4199-BB0C-AE55CE043B2D}.Release|Any CPU.Build.0 = Release|Any CPU
		{6182706F-2609-4199-BB0C-AE55CE043B2D}.Release|x64.ActiveCfg = Release|Any CPU
		{6182706F-2609-4199-BB0C-AE55CE043B2D}.Release|x64.Build.0 = Release|Any CPU
		{6182706F-2609-4199-BB0C-AE55CE043B2D}.Release|x86.ActiveCfg = Release|Any CPU
		{6182706F-2609-4199-BB0C-AE55CE043B2D}.Release|x86.Build.0 = Release|Any CPU
		{1A3E7A4C-3194-47E1-ABDF-9F68356114EA}.Debug|Any CPU.ActiveCfg = Debug|Any CPU
		{1A3E7A4C-3194-47E1-ABDF-9F68356114EA}.Debug|Any CPU.Build.0 = Debug|Any CPU
		{1A3E7A4C-3194-47E1-ABDF-9F68356114EA}.Debug|x64.ActiveCfg = Debug|Any CPU
		{1A3E7A4C-3194-47E1-ABDF-9F68356114EA}.Debug|x64.Build.0 = Debug|Any CPU
		{1A3E7A4C-3194-47E1-ABDF-9F68356114EA}.Debug|x86.ActiveCfg = Debug|Any CPU
		{1A3E7A4C-3194-47E1-ABDF-9F68356114EA}.Debug|x86.Build.0 = Debug|Any CPU
		{1A3E7A4C-3194-47E1-ABDF-9F68356114EA}.Release|Any CPU.ActiveCfg = Release|Any CPU
		{1A3E7A4C-3194-47E1-ABDF-9F68356114EA}.Release|Any CPU.Build.0 = Release|Any CPU
		{1A3E7A4C-3194-47E1-ABDF-9F68356114EA}.Release|x64.ActiveCfg = Release|Any CPU
		{1A3E7A4C-3194-47E1-ABDF-9F68356114EA}.Release|x64.Build.0 = Release|Any CPU
		{1A3E7A4C-3194-47E1-ABDF-9F68356114EA}.Release|x86.ActiveCfg = Release|Any CPU
		{1A3E7A4C-3194-47E1-ABDF-9F68356114EA}.Release|x86.Build.0 = Release|Any CPU
		{38D1263B-B526-41FD-91BA-4E58797A254D}.Debug|Any CPU.ActiveCfg = Debug|Any CPU
		{38D1263B-B526-41FD-91BA-4E58797A254D}.Debug|Any CPU.Build.0 = Debug|Any CPU
		{38D1263B-B526-41FD-91BA-4E58797A254D}.Debug|x64.ActiveCfg = Debug|Any CPU
		{38D1263B-B526-41FD-91BA-4E58797A254D}.Debug|x64.Build.0 = Debug|Any CPU
		{38D1263B-B526-41FD-91BA-4E58797A254D}.Debug|x86.ActiveCfg = Debug|Any CPU
		{38D1263B-B526-41FD-91BA-4E58797A254D}.Debug|x86.Build.0 = Debug|Any CPU
		{38D1263B-B526-41FD-91BA-4E58797A254D}.Release|Any CPU.ActiveCfg = Release|Any CPU
		{38D1263B-B526-41FD-91BA-4E58797A254D}.Release|Any CPU.Build.0 = Release|Any CPU
		{38D1263B-B526-41FD-91BA-4E58797A254D}.Release|x64.ActiveCfg = Release|Any CPU
		{38D1263B-B526-41FD-91BA-4E58797A254D}.Release|x64.Build.0 = Release|Any CPU
		{38D1263B-B526-41FD-91BA-4E58797A254D}.Release|x86.ActiveCfg = Release|Any CPU
		{38D1263B-B526-41FD-91BA-4E58797A254D}.Release|x86.Build.0 = Release|Any CPU
		{01B450FE-06BA-4751-AE48-58348A417BC0}.Debug|Any CPU.ActiveCfg = Debug|Any CPU
		{01B450FE-06BA-4751-AE48-58348A417BC0}.Debug|Any CPU.Build.0 = Debug|Any CPU
		{01B450FE-06BA-4751-AE48-58348A417BC0}.Debug|x64.ActiveCfg = Debug|Any CPU
		{01B450FE-06BA-4751-AE48-58348A417BC0}.Debug|x64.Build.0 = Debug|Any CPU
		{01B450FE-06BA-4751-AE48-58348A417BC0}.Debug|x86.ActiveCfg = Debug|Any CPU
		{01B450FE-06BA-4751-AE48-58348A417BC0}.Debug|x86.Build.0 = Debug|Any CPU
		{01B450FE-06BA-4751-AE48-58348A417BC0}.Release|Any CPU.ActiveCfg = Release|Any CPU
		{01B450FE-06BA-4751-AE48-58348A417BC0}.Release|Any CPU.Build.0 = Release|Any CPU
		{01B450FE-06BA-4751-AE48-58348A417BC0}.Release|x64.ActiveCfg = Release|Any CPU
		{01B450FE-06BA-4751-AE48-58348A417BC0}.Release|x64.Build.0 = Release|Any CPU
		{01B450FE-06BA-4751-AE48-58348A417BC0}.Release|x86.ActiveCfg = Release|Any CPU
		{01B450FE-06BA-4751-AE48-58348A417BC0}.Release|x86.Build.0 = Release|Any CPU
		{A55D4EA1-F501-4242-B77D-EB8288F42D85}.Debug|Any CPU.ActiveCfg = Debug|Any CPU
		{A55D4EA1-F501-4242-B77D-EB8288F42D85}.Debug|Any CPU.Build.0 = Debug|Any CPU
		{A55D4EA1-F501-4242-B77D-EB8288F42D85}.Debug|x64.ActiveCfg = Debug|Any CPU
		{A55D4EA1-F501-4242-B77D-EB8288F42D85}.Debug|x64.Build.0 = Debug|Any CPU
		{A55D4EA1-F501-4242-B77D-EB8288F42D85}.Debug|x86.ActiveCfg = Debug|Any CPU
		{A55D4EA1-F501-4242-B77D-EB8288F42D85}.Debug|x86.Build.0 = Debug|Any CPU
		{A55D4EA1-F501-4242-B77D-EB8288F42D85}.Release|Any CPU.ActiveCfg = Release|Any CPU
		{A55D4EA1-F501-4242-B77D-EB8288F42D85}.Release|Any CPU.Build.0 = Release|Any CPU
		{A55D4EA1-F501-4242-B77D-EB8288F42D85}.Release|x64.ActiveCfg = Release|Any CPU
		{A55D4EA1-F501-4242-B77D-EB8288F42D85}.Release|x64.Build.0 = Release|Any CPU
		{A55D4EA1-F501-4242-B77D-EB8288F42D85}.Release|x86.ActiveCfg = Release|Any CPU
		{A55D4EA1-F501-4242-B77D-EB8288F42D85}.Release|x86.Build.0 = Release|Any CPU
		{20E763B5-474D-4785-A64E-0B139BF105EB}.Debug|Any CPU.ActiveCfg = Debug|Any CPU
		{20E763B5-474D-4785-A64E-0B139BF105EB}.Debug|Any CPU.Build.0 = Debug|Any CPU
		{20E763B5-474D-4785-A64E-0B139BF105EB}.Debug|x64.ActiveCfg = Debug|Any CPU
		{20E763B5-474D-4785-A64E-0B139BF105EB}.Debug|x64.Build.0 = Debug|Any CPU
		{20E763B5-474D-4785-A64E-0B139BF105EB}.Debug|x86.ActiveCfg = Debug|Any CPU
		{20E763B5-474D-4785-A64E-0B139BF105EB}.Debug|x86.Build.0 = Debug|Any CPU
		{20E763B5-474D-4785-A64E-0B139BF105EB}.Release|Any CPU.ActiveCfg = Release|Any CPU
		{20E763B5-474D-4785-A64E-0B139BF105EB}.Release|Any CPU.Build.0 = Release|Any CPU
		{20E763B5-474D-4785-A64E-0B139BF105EB}.Release|x64.ActiveCfg = Release|Any CPU
		{20E763B5-474D-4785-A64E-0B139BF105EB}.Release|x64.Build.0 = Release|Any CPU
		{20E763B5-474D-4785-A64E-0B139BF105EB}.Release|x86.ActiveCfg = Release|Any CPU
		{20E763B5-474D-4785-A64E-0B139BF105EB}.Release|x86.Build.0 = Release|Any CPU
		{4B899A07-E15F-437F-9FA8-A1D66176D4E1}.Debug|Any CPU.ActiveCfg = Debug|Any CPU
		{4B899A07-E15F-437F-9FA8-A1D66176D4E1}.Debug|Any CPU.Build.0 = Debug|Any CPU
		{4B899A07-E15F-437F-9FA8-A1D66176D4E1}.Debug|x64.ActiveCfg = Debug|Any CPU
		{4B899A07-E15F-437F-9FA8-A1D66176D4E1}.Debug|x64.Build.0 = Debug|Any CPU
		{4B899A07-E15F-437F-9FA8-A1D66176D4E1}.Debug|x86.ActiveCfg = Debug|Any CPU
		{4B899A07-E15F-437F-9FA8-A1D66176D4E1}.Debug|x86.Build.0 = Debug|Any CPU
		{4B899A07-E15F-437F-9FA8-A1D66176D4E1}.Release|Any CPU.ActiveCfg = Release|Any CPU
		{4B899A07-E15F-437F-9FA8-A1D66176D4E1}.Release|Any CPU.Build.0 = Release|Any CPU
		{4B899A07-E15F-437F-9FA8-A1D66176D4E1}.Release|x64.ActiveCfg = Release|Any CPU
		{4B899A07-E15F-437F-9FA8-A1D66176D4E1}.Release|x64.Build.0 = Release|Any CPU
		{4B899A07-E15F-437F-9FA8-A1D66176D4E1}.Release|x86.ActiveCfg = Release|Any CPU
		{4B899A07-E15F-437F-9FA8-A1D66176D4E1}.Release|x86.Build.0 = Release|Any CPU
		{9D3FCD7B-1307-4718-8C67-87D435A0725C}.Debug|Any CPU.ActiveCfg = Debug|Any CPU
		{9D3FCD7B-1307-4718-8C67-87D435A0725C}.Debug|Any CPU.Build.0 = Debug|Any CPU
		{9D3FCD7B-1307-4718-8C67-87D435A0725C}.Debug|x64.ActiveCfg = Debug|Any CPU
		{9D3FCD7B-1307-4718-8C67-87D435A0725C}.Debug|x64.Build.0 = Debug|Any CPU
		{9D3FCD7B-1307-4718-8C67-87D435A0725C}.Debug|x86.ActiveCfg = Debug|Any CPU
		{9D3FCD7B-1307-4718-8C67-87D435A0725C}.Debug|x86.Build.0 = Debug|Any CPU
		{9D3FCD7B-1307-4718-8C67-87D435A0725C}.Release|Any CPU.ActiveCfg = Release|Any CPU
		{9D3FCD7B-1307-4718-8C67-87D435A0725C}.Release|Any CPU.Build.0 = Release|Any CPU
		{9D3FCD7B-1307-4718-8C67-87D435A0725C}.Release|x64.ActiveCfg = Release|Any CPU
		{9D3FCD7B-1307-4718-8C67-87D435A0725C}.Release|x64.Build.0 = Release|Any CPU
		{9D3FCD7B-1307-4718-8C67-87D435A0725C}.Release|x86.ActiveCfg = Release|Any CPU
		{9D3FCD7B-1307-4718-8C67-87D435A0725C}.Release|x86.Build.0 = Release|Any CPU
		{46F72EB5-742F-4F91-9E61-C8FA1E757AA6}.Debug|Any CPU.ActiveCfg = Debug|Any CPU
		{46F72EB5-742F-4F91-9E61-C8FA1E757AA6}.Debug|Any CPU.Build.0 = Debug|Any CPU
		{46F72EB5-742F-4F91-9E61-C8FA1E757AA6}.Debug|x64.ActiveCfg = Debug|Any CPU
		{46F72EB5-742F-4F91-9E61-C8FA1E757AA6}.Debug|x64.Build.0 = Debug|Any CPU
		{46F72EB5-742F-4F91-9E61-C8FA1E757AA6}.Debug|x86.ActiveCfg = Debug|Any CPU
		{46F72EB5-742F-4F91-9E61-C8FA1E757AA6}.Debug|x86.Build.0 = Debug|Any CPU
		{46F72EB5-742F-4F91-9E61-C8FA1E757AA6}.Release|Any CPU.ActiveCfg = Release|Any CPU
		{46F72EB5-742F-4F91-9E61-C8FA1E757AA6}.Release|Any CPU.Build.0 = Release|Any CPU
		{46F72EB5-742F-4F91-9E61-C8FA1E757AA6}.Release|x64.ActiveCfg = Release|Any CPU
		{46F72EB5-742F-4F91-9E61-C8FA1E757AA6}.Release|x64.Build.0 = Release|Any CPU
		{46F72EB5-742F-4F91-9E61-C8FA1E757AA6}.Release|x86.ActiveCfg = Release|Any CPU
		{46F72EB5-742F-4F91-9E61-C8FA1E757AA6}.Release|x86.Build.0 = Release|Any CPU
	EndGlobalSection
	GlobalSection(SolutionProperties) = preSolution
		HideSolutionNode = FALSE
	EndGlobalSection
	GlobalSection(NestedProjects) = preSolution
		{F753ED9A-3E47-4E24-9FB5-2B3E2A2E348E} = {0AB3BF05-4346-4AA6-1389-037BE0695223}
		{F3F7921E-75A4-4ECD-AD36-8FF305D393DC} = {0AB3BF05-4346-4AA6-1389-037BE0695223}
		{E2E8732C-3A4D-4EFC-9161-5FB54EE9B354} = {0AB3BF05-4346-4AA6-1389-037BE0695223}
		{E34EBEAF-266E-4D98-844F-9BE7F18E5F2E} = {0AB3BF05-4346-4AA6-1389-037BE0695223}
		{CDFD4B1E-967F-44C0-AAED-A5A523AA1876} = {0AB3BF05-4346-4AA6-1389-037BE0695223}
		{42CF6129-22D9-420D-A0FD-D705B90DD991} = {0AB3BF05-4346-4AA6-1389-037BE0695223}
		{DF342B7E-5992-4F79-A709-CD9661FFD074} = {0AB3BF05-4346-4AA6-1389-037BE0695223}
		{BCAC1999-8708-4BFE-908C-2C056EA8F1B0} = {0AB3BF05-4346-4AA6-1389-037BE0695223}
		{FD6CE1D5-7A14-4D3F-86CC-89076E4D7C90} = {0AB3BF05-4346-4AA6-1389-037BE0695223}
		{8F03762A-2424-4F04-A993-A93648F4A999} = {0AB3BF05-4346-4AA6-1389-037BE0695223}
		{18E568C5-CB8F-447C-8A44-58EB7D333AFD} = {0AB3BF05-4346-4AA6-1389-037BE0695223}
		{3EDA1EB1-94FE-4BBC-866A-C414E8042B07} = {0AB3BF05-4346-4AA6-1389-037BE0695223}
		{7DA4A73D-5942-4C19-A233-F869D5357DF8} = {0AB3BF05-4346-4AA6-1389-037BE0695223}
		{69CE5E6E-17CD-43CD-8F1D-907389CD391D} = {0AB3BF05-4346-4AA6-1389-037BE0695223}
		{B9BBFB6F-ABB3-4D2A-A7EF-1FF7CC0C461C} = {0AB3BF05-4346-4AA6-1389-037BE0695223}
		{05DA7700-AFC0-4D01-92BF-DBEA6DFEE979} = {0AB3BF05-4346-4AA6-1389-037BE0695223}
		{77182B29-C2D4-4320-9469-8DD4CB8997DE} = {0AB3BF05-4346-4AA6-1389-037BE0695223}
		{C1A04C3A-63FD-423A-B810-23AD7A155EB1} = {0AB3BF05-4346-4AA6-1389-037BE0695223}
		{6182706F-2609-4199-BB0C-AE55CE043B2D} = {0AB3BF05-4346-4AA6-1389-037BE0695223}
		{1A3E7A4C-3194-47E1-ABDF-9F68356114EA} = {0AB3BF05-4346-4AA6-1389-037BE0695223}
		{4B899A07-E15F-437F-9FA8-A1D66176D4E1} = {0AB3BF05-4346-4AA6-1389-037BE0695223}
		{46F72EB5-742F-4F91-9E61-C8FA1E757AA6} = {B36A84DF-456D-A817-6EDD-3EC3E7F6E11F}
	EndGlobalSection
EndGlobal
